// !$*UTF8*$!
{
	archiveVersion = 1;
	classes = {
	};
	objectVersion = 56;
	objects = {

/* Begin PBXBuildFile section */
		1E29DDA92936B22F0089F703 /* ProductCard.swift in Sources */ = {isa = PBXBuildFile; fileRef = 1E29DDA82936B22F0089F703 /* ProductCard.swift */; };
		1E3D19D0297F93BC00251D39 /* ButtonStyles.swift in Sources */ = {isa = PBXBuildFile; fileRef = 1E3D19CF297F93BC00251D39 /* ButtonStyles.swift */; };
		1E3D19D3297FB41100251D39 /* TextFieldStyles.swift in Sources */ = {isa = PBXBuildFile; fileRef = 1E3D19D2297FB41100251D39 /* TextFieldStyles.swift */; };
		1E7CB011297DF4B6008E4854 /* DropdownMenu.swift in Sources */ = {isa = PBXBuildFile; fileRef = 1E7CB010297DF4B6008E4854 /* DropdownMenu.swift */; };
		1E8511672939BC060008D2CA /* FirebaseFirestore in Frameworks */ = {isa = PBXBuildFile; productRef = 12AA3C1E292DB4FE00F7F8E3 /* FirebaseFirestore */; };
		1E8511682939BC060008D2CA /* FirebaseFirestoreSwift in Frameworks */ = {isa = PBXBuildFile; productRef = 12AA3C20292DB4FE00F7F8E3 /* FirebaseFirestoreSwift */; };
		1E8511692939BC060008D2CA /* FirebaseStorage in Frameworks */ = {isa = PBXBuildFile; productRef = 12AA3C22292DB4FE00F7F8E3 /* FirebaseStorage */; };
		1EB9FCDA2979CC3A00659C5C /* FilterSheetView.swift in Sources */ = {isa = PBXBuildFile; fileRef = 1EB9FCD92979CC3A00659C5C /* FilterSheetView.swift */; };
		1EB9FCDC2979D1AB00659C5C /* RatingPicker.swift in Sources */ = {isa = PBXBuildFile; fileRef = 1EB9FCDB2979D1AB00659C5C /* RatingPicker.swift */; };
		5939D35E29132D7000866FA5 /* SH4REApp.swift in Sources */ = {isa = PBXBuildFile; fileRef = 5939D35D29132D7000866FA5 /* SH4REApp.swift */; };
		5939D36029132D7000866FA5 /* ContentView.swift in Sources */ = {isa = PBXBuildFile; fileRef = 5939D35F29132D7000866FA5 /* ContentView.swift */; };
		5939D36229132D7200866FA5 /* Assets.xcassets in Resources */ = {isa = PBXBuildFile; fileRef = 5939D36129132D7200866FA5 /* Assets.xcassets */; };
		5939D36629132D7200866FA5 /* Preview Assets.xcassets in Resources */ = {isa = PBXBuildFile; fileRef = 5939D36529132D7200866FA5 /* Preview Assets.xcassets */; };
		5939D37029132D7200866FA5 /* SH4RETests.swift in Sources */ = {isa = PBXBuildFile; fileRef = 5939D36F29132D7200866FA5 /* SH4RETests.swift */; };
		5939D37A29132D7200866FA5 /* SH4REUITests.swift in Sources */ = {isa = PBXBuildFile; fileRef = 5939D37929132D7200866FA5 /* SH4REUITests.swift */; };
		5939D37C29132D7200866FA5 /* SH4REUITestsLaunchTests.swift in Sources */ = {isa = PBXBuildFile; fileRef = 5939D37B29132D7200866FA5 /* SH4REUITestsLaunchTests.swift */; };
		5939D38929132D8500866FA5 /* FirebaseDB.swift in Sources */ = {isa = PBXBuildFile; fileRef = 5939D38829132D8500866FA5 /* FirebaseDB.swift */; };
		59BB153A29204E8D00EA4AF6 /* GoogleService-Info.plist in Resources */ = {isa = PBXBuildFile; fileRef = 59BB153929204E8D00EA4AF6 /* GoogleService-Info.plist */; };
		9D080583292FE62200094169 /* SearchView.swift in Sources */ = {isa = PBXBuildFile; fileRef = 9D080582292FE62200094169 /* SearchView.swift */; };
		9D080589292FE85900094169 /* MessagesView.swift in Sources */ = {isa = PBXBuildFile; fileRef = 9D080588292FE85900094169 /* MessagesView.swift */; };
		9D080594292FE9F400094169 /* AccountView.swift in Sources */ = {isa = PBXBuildFile; fileRef = 9D080593292FE9F400094169 /* AccountView.swift */; };
		9D080596292FF43800094169 /* ViewListingView.swift in Sources */ = {isa = PBXBuildFile; fileRef = 9D080595292FF43800094169 /* ViewListingView.swift */; };
		9D95674A29380897003F6B74 /* ImageCarousel.swift in Sources */ = {isa = PBXBuildFile; fileRef = 9D95674929380897003F6B74 /* ImageCarousel.swift */; };
		9D95674B29380B70003F6B74 /* ListingViewModel.swift in Sources */ = {isa = PBXBuildFile; fileRef = 12AA3C2D2933038800F7F8E3 /* ListingViewModel.swift */; };
		9D95674D29381193003F6B74 /* Stars.swift in Sources */ = {isa = PBXBuildFile; fileRef = 9D95674C29381193003F6B74 /* Stars.swift */; };
		9DB46C59296E56BB005F0216 /* DatePicker.swift in Sources */ = {isa = PBXBuildFile; fileRef = 9DB46C58296E56BB005F0216 /* DatePicker.swift */; };
		9DB46C5B296E5E31005F0216 /* PopUp.swift in Sources */ = {isa = PBXBuildFile; fileRef = 9DB46C5A296E5E31005F0216 /* PopUp.swift */; };
		D119C03E29280D0600E83142 /* CreateListingView.swift in Sources */ = {isa = PBXBuildFile; fileRef = D119C03D29280D0600E83142 /* CreateListingView.swift */; };
		D119C04229281DBA00E83142 /* HomeView.swift in Sources */ = {isa = PBXBuildFile; fileRef = D119C04129281DBA00E83142 /* HomeView.swift */; };
		D119C0482928313700E83142 /* ImagePicker.swift in Sources */ = {isa = PBXBuildFile; fileRef = D119C0472928313700E83142 /* ImagePicker.swift */; };
		D120FAB12965428500CCD7A5 /* AlertX in Frameworks */ = {isa = PBXBuildFile; productRef = D120FAB02965428500CCD7A5 /* AlertX */; };
		D120FAB42966533800CCD7A5 /* LandingView.swift in Sources */ = {isa = PBXBuildFile; fileRef = D120FAB32966533800CCD7A5 /* LandingView.swift */; };
		D120FAB6296658A100CCD7A5 /* TutorialView.swift in Sources */ = {isa = PBXBuildFile; fileRef = D120FAB5296658A100CCD7A5 /* TutorialView.swift */; };
		D120FAB8296675FA00CCD7A5 /* LoginControlView.swift in Sources */ = {isa = PBXBuildFile; fileRef = D120FAB7296675FA00CCD7A5 /* LoginControlView.swift */; };
		D120FABA29668A7000CCD7A5 /* LoginView.swift in Sources */ = {isa = PBXBuildFile; fileRef = D120FAB929668A7000CCD7A5 /* LoginView.swift */; };
		D120FABC2967B4B000CCD7A5 /* CreateAccountView.swift in Sources */ = {isa = PBXBuildFile; fileRef = D120FABB2967B4B000CCD7A5 /* CreateAccountView.swift */; };
		D120FABE2968AD6F00CCD7A5 /* GuestView.swift in Sources */ = {isa = PBXBuildFile; fileRef = D120FABD2968AD6F00CCD7A5 /* GuestView.swift */; };
/* End PBXBuildFile section */

/* Begin PBXContainerItemProxy section */
		5939D36C29132D7200866FA5 /* PBXContainerItemProxy */ = {
			isa = PBXContainerItemProxy;
			containerPortal = 5939D35229132D7000866FA5 /* Project object */;
			proxyType = 1;
			remoteGlobalIDString = 5939D35929132D7000866FA5;
			remoteInfo = SH4RE;
		};
		5939D37629132D7200866FA5 /* PBXContainerItemProxy */ = {
			isa = PBXContainerItemProxy;
			containerPortal = 5939D35229132D7000866FA5 /* Project object */;
			proxyType = 1;
			remoteGlobalIDString = 5939D35929132D7000866FA5;
			remoteInfo = SH4RE;
		};
/* End PBXContainerItemProxy section */

/* Begin PBXFileReference section */
		12AA3C2D2933038800F7F8E3 /* ListingViewModel.swift */ = {isa = PBXFileReference; lastKnownFileType = sourcecode.swift; path = ListingViewModel.swift; sourceTree = "<group>"; };
		1E29DDA82936B22F0089F703 /* ProductCard.swift */ = {isa = PBXFileReference; lastKnownFileType = sourcecode.swift; path = ProductCard.swift; sourceTree = "<group>"; };
		1E3D19CF297F93BC00251D39 /* ButtonStyles.swift */ = {isa = PBXFileReference; lastKnownFileType = sourcecode.swift; path = ButtonStyles.swift; sourceTree = "<group>"; };
		1E3D19D2297FB41100251D39 /* TextFieldStyles.swift */ = {isa = PBXFileReference; lastKnownFileType = sourcecode.swift; path = TextFieldStyles.swift; sourceTree = "<group>"; };
		1E7CB010297DF4B6008E4854 /* DropdownMenu.swift */ = {isa = PBXFileReference; lastKnownFileType = sourcecode.swift; path = DropdownMenu.swift; sourceTree = "<group>"; };
		1EB9FCD92979CC3A00659C5C /* FilterSheetView.swift */ = {isa = PBXFileReference; lastKnownFileType = sourcecode.swift; path = FilterSheetView.swift; sourceTree = "<group>"; };
		1EB9FCDB2979D1AB00659C5C /* RatingPicker.swift */ = {isa = PBXFileReference; lastKnownFileType = sourcecode.swift; path = RatingPicker.swift; sourceTree = "<group>"; };
		5939D35A29132D7000866FA5 /* SH4RE.app */ = {isa = PBXFileReference; explicitFileType = wrapper.application; includeInIndex = 0; path = SH4RE.app; sourceTree = BUILT_PRODUCTS_DIR; };
		5939D35D29132D7000866FA5 /* SH4REApp.swift */ = {isa = PBXFileReference; lastKnownFileType = sourcecode.swift; path = SH4REApp.swift; sourceTree = "<group>"; };
		5939D35F29132D7000866FA5 /* ContentView.swift */ = {isa = PBXFileReference; lastKnownFileType = sourcecode.swift; path = ContentView.swift; sourceTree = "<group>"; };
		5939D36129132D7200866FA5 /* Assets.xcassets */ = {isa = PBXFileReference; lastKnownFileType = folder.assetcatalog; path = Assets.xcassets; sourceTree = "<group>"; };
		5939D36329132D7200866FA5 /* SH4RE.entitlements */ = {isa = PBXFileReference; lastKnownFileType = text.plist.entitlements; path = SH4RE.entitlements; sourceTree = "<group>"; };
		5939D36529132D7200866FA5 /* Preview Assets.xcassets */ = {isa = PBXFileReference; lastKnownFileType = folder.assetcatalog; path = "Preview Assets.xcassets"; sourceTree = "<group>"; };
		5939D36B29132D7200866FA5 /* SH4RETests.xctest */ = {isa = PBXFileReference; explicitFileType = wrapper.cfbundle; includeInIndex = 0; path = SH4RETests.xctest; sourceTree = BUILT_PRODUCTS_DIR; };
		5939D36F29132D7200866FA5 /* SH4RETests.swift */ = {isa = PBXFileReference; lastKnownFileType = sourcecode.swift; path = SH4RETests.swift; sourceTree = "<group>"; };
		5939D37529132D7200866FA5 /* SH4REUITests.xctest */ = {isa = PBXFileReference; explicitFileType = wrapper.cfbundle; includeInIndex = 0; path = SH4REUITests.xctest; sourceTree = BUILT_PRODUCTS_DIR; };
		5939D37929132D7200866FA5 /* SH4REUITests.swift */ = {isa = PBXFileReference; lastKnownFileType = sourcecode.swift; path = SH4REUITests.swift; sourceTree = "<group>"; };
		5939D37B29132D7200866FA5 /* SH4REUITestsLaunchTests.swift */ = {isa = PBXFileReference; lastKnownFileType = sourcecode.swift; path = SH4REUITestsLaunchTests.swift; sourceTree = "<group>"; };
		5939D38829132D8500866FA5 /* FirebaseDB.swift */ = {isa = PBXFileReference; lastKnownFileType = sourcecode.swift; path = FirebaseDB.swift; sourceTree = "<group>"; };
		59BB153929204E8D00EA4AF6 /* GoogleService-Info.plist */ = {isa = PBXFileReference; fileEncoding = 4; lastKnownFileType = text.plist.xml; path = "GoogleService-Info.plist"; sourceTree = "<group>"; };
		9D080582292FE62200094169 /* SearchView.swift */ = {isa = PBXFileReference; lastKnownFileType = sourcecode.swift; path = SearchView.swift; sourceTree = "<group>"; };
		9D080588292FE85900094169 /* MessagesView.swift */ = {isa = PBXFileReference; lastKnownFileType = sourcecode.swift; path = MessagesView.swift; sourceTree = "<group>"; };
		9D080593292FE9F400094169 /* AccountView.swift */ = {isa = PBXFileReference; lastKnownFileType = sourcecode.swift; path = AccountView.swift; sourceTree = "<group>"; };
		9D080595292FF43800094169 /* ViewListingView.swift */ = {isa = PBXFileReference; lastKnownFileType = sourcecode.swift; path = ViewListingView.swift; sourceTree = "<group>"; };
		9D95674929380897003F6B74 /* ImageCarousel.swift */ = {isa = PBXFileReference; lastKnownFileType = sourcecode.swift; path = ImageCarousel.swift; sourceTree = "<group>"; };
		9D95674C29381193003F6B74 /* Stars.swift */ = {isa = PBXFileReference; lastKnownFileType = sourcecode.swift; path = Stars.swift; sourceTree = "<group>"; };
		9DB46C58296E56BB005F0216 /* DatePicker.swift */ = {isa = PBXFileReference; lastKnownFileType = sourcecode.swift; path = DatePicker.swift; sourceTree = "<group>"; };
		9DB46C5A296E5E31005F0216 /* PopUp.swift */ = {isa = PBXFileReference; lastKnownFileType = sourcecode.swift; path = PopUp.swift; sourceTree = "<group>"; };
		D119C03D29280D0600E83142 /* CreateListingView.swift */ = {isa = PBXFileReference; lastKnownFileType = sourcecode.swift; path = CreateListingView.swift; sourceTree = "<group>"; };
		D119C04129281DBA00E83142 /* HomeView.swift */ = {isa = PBXFileReference; lastKnownFileType = sourcecode.swift; path = HomeView.swift; sourceTree = "<group>"; };
		D119C0472928313700E83142 /* ImagePicker.swift */ = {isa = PBXFileReference; lastKnownFileType = sourcecode.swift; path = ImagePicker.swift; sourceTree = "<group>"; };
		D120FAB32966533800CCD7A5 /* LandingView.swift */ = {isa = PBXFileReference; lastKnownFileType = sourcecode.swift; path = LandingView.swift; sourceTree = "<group>"; };
		D120FAB5296658A100CCD7A5 /* TutorialView.swift */ = {isa = PBXFileReference; lastKnownFileType = sourcecode.swift; path = TutorialView.swift; sourceTree = "<group>"; };
		D120FAB7296675FA00CCD7A5 /* LoginControlView.swift */ = {isa = PBXFileReference; lastKnownFileType = sourcecode.swift; path = LoginControlView.swift; sourceTree = "<group>"; };
		D120FAB929668A7000CCD7A5 /* LoginView.swift */ = {isa = PBXFileReference; lastKnownFileType = sourcecode.swift; path = LoginView.swift; sourceTree = "<group>"; };
		D120FABB2967B4B000CCD7A5 /* CreateAccountView.swift */ = {isa = PBXFileReference; lastKnownFileType = sourcecode.swift; path = CreateAccountView.swift; sourceTree = "<group>"; };
		D120FABD2968AD6F00CCD7A5 /* GuestView.swift */ = {isa = PBXFileReference; lastKnownFileType = sourcecode.swift; path = GuestView.swift; sourceTree = "<group>"; };
/* End PBXFileReference section */

/* Begin PBXFrameworksBuildPhase section */
		5939D35729132D7000866FA5 /* Frameworks */ = {
			isa = PBXFrameworksBuildPhase;
			buildActionMask = 2147483647;
			files = (
				1E8511692939BC060008D2CA /* FirebaseStorage in Frameworks */,
				1E8511682939BC060008D2CA /* FirebaseFirestoreSwift in Frameworks */,
				D120FAB12965428500CCD7A5 /* AlertX in Frameworks */,
				1E8511672939BC060008D2CA /* FirebaseFirestore in Frameworks */,
			);
			runOnlyForDeploymentPostprocessing = 0;
		};
		5939D36829132D7200866FA5 /* Frameworks */ = {
			isa = PBXFrameworksBuildPhase;
			buildActionMask = 2147483647;
			files = (
			);
			runOnlyForDeploymentPostprocessing = 0;
		};
		5939D37229132D7200866FA5 /* Frameworks */ = {
			isa = PBXFrameworksBuildPhase;
			buildActionMask = 2147483647;
			files = (
			);
			runOnlyForDeploymentPostprocessing = 0;
		};
/* End PBXFrameworksBuildPhase section */

/* Begin PBXGroup section */
		1E29DDA72936B1F20089F703 /* Components */ = {
			isa = PBXGroup;
			children = (
				1E29DDA82936B22F0089F703 /* ProductCard.swift */,
				1EB9FCDB2979D1AB00659C5C /* RatingPicker.swift */,
			);
			path = Components;
			sourceTree = "<group>";
		};
		1E3D19D1297FB3E700251D39 /* Styles */ = {
			isa = PBXGroup;
			children = (
				1E3D19CF297F93BC00251D39 /* ButtonStyles.swift */,
				1E3D19D2297FB41100251D39 /* TextFieldStyles.swift */,
			);
			path = Styles;
			sourceTree = "<group>";
		};
		5939D35129132D7000866FA5 = {
			isa = PBXGroup;
			children = (
				59BB153929204E8D00EA4AF6 /* GoogleService-Info.plist */,
				5939D35C29132D7000866FA5 /* SH4RE */,
				5939D36E29132D7200866FA5 /* SH4RETests */,
				5939D37829132D7200866FA5 /* SH4REUITests */,
				5939D35B29132D7000866FA5 /* Products */,
			);
			sourceTree = "<group>";
		};
		5939D35B29132D7000866FA5 /* Products */ = {
			isa = PBXGroup;
			children = (
				5939D35A29132D7000866FA5 /* SH4RE.app */,
				5939D36B29132D7200866FA5 /* SH4RETests.xctest */,
				5939D37529132D7200866FA5 /* SH4REUITests.xctest */,
			);
			name = Products;
			sourceTree = "<group>";
		};
		5939D35C29132D7000866FA5 /* SH4RE */ = {
			isa = PBXGroup;
			children = (
				1E3D19D1297FB3E700251D39 /* Styles */,
				D120FAB22966530700CCD7A5 /* Login */,
				9D95674829380837003F6B74 /* Components */,
				5939D35D29132D7000866FA5 /* SH4REApp.swift */,
				5939D35F29132D7000866FA5 /* ContentView.swift */,
				9D08058E292FE9CD00094169 /* Account */,
				9D08058D292FE9B900094169 /* Search */,
				9D08058C292FE98000094169 /* Messages */,
				9D08058A292FE94100094169 /* Home */,
				9D08058B292FE96A00094169 /* CreateListing */,
				5939D36429132D7200866FA5 /* Preview Content */,
				9D080599292FF48200094169 /* ViewListing */,
				5939D38829132D8500866FA5 /* FirebaseDB.swift */,
				5939D36129132D7200866FA5 /* Assets.xcassets */,
				12AA3C2D2933038800F7F8E3 /* ListingViewModel.swift */,
				5939D36329132D7200866FA5 /* SH4RE.entitlements */,
			);
			path = SH4RE;
			sourceTree = "<group>";
		};
		5939D36429132D7200866FA5 /* Preview Content */ = {
			isa = PBXGroup;
			children = (
				5939D36529132D7200866FA5 /* Preview Assets.xcassets */,
			);
			path = "Preview Content";
			sourceTree = "<group>";
		};
		5939D36E29132D7200866FA5 /* SH4RETests */ = {
			isa = PBXGroup;
			children = (
				5939D36F29132D7200866FA5 /* SH4RETests.swift */,
			);
			path = SH4RETests;
			sourceTree = "<group>";
		};
		5939D37829132D7200866FA5 /* SH4REUITests */ = {
			isa = PBXGroup;
			children = (
				5939D37929132D7200866FA5 /* SH4REUITests.swift */,
				5939D37B29132D7200866FA5 /* SH4REUITestsLaunchTests.swift */,
			);
			path = SH4REUITests;
			sourceTree = "<group>";
		};
		9D08058A292FE94100094169 /* Home */ = {
			isa = PBXGroup;
			children = (
				D119C04129281DBA00E83142 /* HomeView.swift */,
			);
			path = Home;
			sourceTree = "<group>";
		};
		9D08058B292FE96A00094169 /* CreateListing */ = {
			isa = PBXGroup;
			children = (
				D119C03D29280D0600E83142 /* CreateListingView.swift */,
			);
			path = CreateListing;
			sourceTree = "<group>";
		};
		9D08058C292FE98000094169 /* Messages */ = {
			isa = PBXGroup;
			children = (
				9D080588292FE85900094169 /* MessagesView.swift */,
			);
			path = Messages;
			sourceTree = "<group>";
		};
		9D08058D292FE9B900094169 /* Search */ = {
			isa = PBXGroup;
			children = (
				1E29DDA72936B1F20089F703 /* Components */,
				9D080582292FE62200094169 /* SearchView.swift */,
				1EB9FCD92979CC3A00659C5C /* FilterSheetView.swift */,
			);
			path = Search;
			sourceTree = "<group>";
		};
		9D08058E292FE9CD00094169 /* Account */ = {
			isa = PBXGroup;
			children = (
				9D080593292FE9F400094169 /* AccountView.swift */,
			);
			path = Account;
			sourceTree = "<group>";
		};
		9D080599292FF48200094169 /* ViewListing */ = {
			isa = PBXGroup;
			children = (
				9D080595292FF43800094169 /* ViewListingView.swift */,
			);
			path = ViewListing;
			sourceTree = "<group>";
		};
		9D95674829380837003F6B74 /* Components */ = {
			isa = PBXGroup;
			children = (
				D119C0472928313700E83142 /* ImagePicker.swift */,
				9D95674929380897003F6B74 /* ImageCarousel.swift */,
				9D95674C29381193003F6B74 /* Stars.swift */,
				9DB46C58296E56BB005F0216 /* DatePicker.swift */,
				9DB46C5A296E5E31005F0216 /* PopUp.swift */,
				1E7CB010297DF4B6008E4854 /* DropdownMenu.swift */,
			);
			path = Components;
			sourceTree = "<group>";
		};
		D120FAB22966530700CCD7A5 /* Login */ = {
			isa = PBXGroup;
			children = (
				D120FAB32966533800CCD7A5 /* LandingView.swift */,
				D120FAB5296658A100CCD7A5 /* TutorialView.swift */,
				D120FAB7296675FA00CCD7A5 /* LoginControlView.swift */,
				D120FAB929668A7000CCD7A5 /* LoginView.swift */,
				D120FABB2967B4B000CCD7A5 /* CreateAccountView.swift */,
				D120FABD2968AD6F00CCD7A5 /* GuestView.swift */,
			);
			path = Login;
			sourceTree = "<group>";
		};
/* End PBXGroup section */

/* Begin PBXNativeTarget section */
		5939D35929132D7000866FA5 /* SH4RE */ = {
			isa = PBXNativeTarget;
			buildConfigurationList = 5939D37F29132D7200866FA5 /* Build configuration list for PBXNativeTarget "SH4RE" */;
			buildPhases = (
				5939D35629132D7000866FA5 /* Sources */,
				5939D35729132D7000866FA5 /* Frameworks */,
				5939D35829132D7000866FA5 /* Resources */,
			);
			buildRules = (
			);
			dependencies = (
			);
			name = SH4RE;
			packageProductDependencies = (
				12AA3C1E292DB4FE00F7F8E3 /* FirebaseFirestore */,
				12AA3C20292DB4FE00F7F8E3 /* FirebaseFirestoreSwift */,
				12AA3C22292DB4FE00F7F8E3 /* FirebaseStorage */,
				D120FAB02965428500CCD7A5 /* AlertX */,
			);
			productName = SH4RE;
			productReference = 5939D35A29132D7000866FA5 /* SH4RE.app */;
			productType = "com.apple.product-type.application";
		};
		5939D36A29132D7200866FA5 /* SH4RETests */ = {
			isa = PBXNativeTarget;
			buildConfigurationList = 5939D38229132D7200866FA5 /* Build configuration list for PBXNativeTarget "SH4RETests" */;
			buildPhases = (
				5939D36729132D7200866FA5 /* Sources */,
				5939D36829132D7200866FA5 /* Frameworks */,
				5939D36929132D7200866FA5 /* Resources */,
			);
			buildRules = (
			);
			dependencies = (
				5939D36D29132D7200866FA5 /* PBXTargetDependency */,
			);
			name = SH4RETests;
			productName = SH4RETests;
			productReference = 5939D36B29132D7200866FA5 /* SH4RETests.xctest */;
			productType = "com.apple.product-type.bundle.unit-test";
		};
		5939D37429132D7200866FA5 /* SH4REUITests */ = {
			isa = PBXNativeTarget;
			buildConfigurationList = 5939D38529132D7200866FA5 /* Build configuration list for PBXNativeTarget "SH4REUITests" */;
			buildPhases = (
				5939D37129132D7200866FA5 /* Sources */,
				5939D37229132D7200866FA5 /* Frameworks */,
				5939D37329132D7200866FA5 /* Resources */,
			);
			buildRules = (
			);
			dependencies = (
				5939D37729132D7200866FA5 /* PBXTargetDependency */,
			);
			name = SH4REUITests;
			productName = SH4REUITests;
			productReference = 5939D37529132D7200866FA5 /* SH4REUITests.xctest */;
			productType = "com.apple.product-type.bundle.ui-testing";
		};
/* End PBXNativeTarget section */

/* Begin PBXProject section */
		5939D35229132D7000866FA5 /* Project object */ = {
			isa = PBXProject;
			attributes = {
				BuildIndependentTargetsInParallel = 1;
				LastSwiftUpdateCheck = 1410;
				LastUpgradeCheck = 1410;
				TargetAttributes = {
					5939D35929132D7000866FA5 = {
						CreatedOnToolsVersion = 14.1;
					};
					5939D36A29132D7200866FA5 = {
						CreatedOnToolsVersion = 14.1;
						TestTargetID = 5939D35929132D7000866FA5;
					};
					5939D37429132D7200866FA5 = {
						CreatedOnToolsVersion = 14.1;
						TestTargetID = 5939D35929132D7000866FA5;
					};
				};
			};
			buildConfigurationList = 5939D35529132D7000866FA5 /* Build configuration list for PBXProject "SH4RE" */;
			compatibilityVersion = "Xcode 14.0";
			developmentRegion = en;
			hasScannedForEncodings = 0;
			knownRegions = (
				en,
				Base,
			);
			mainGroup = 5939D35129132D7000866FA5;
			packageReferences = (
				12AA3C1D292DB4FE00F7F8E3 /* XCRemoteSwiftPackageReference "firebase-ios-sdk" */,
				D120FAAF2965428500CCD7A5 /* XCRemoteSwiftPackageReference "AlertX" */,
			);
			productRefGroup = 5939D35B29132D7000866FA5 /* Products */;
			projectDirPath = "";
			projectRoot = "";
			targets = (
				5939D35929132D7000866FA5 /* SH4RE */,
				5939D36A29132D7200866FA5 /* SH4RETests */,
				5939D37429132D7200866FA5 /* SH4REUITests */,
			);
		};
/* End PBXProject section */

/* Begin PBXResourcesBuildPhase section */
		5939D35829132D7000866FA5 /* Resources */ = {
			isa = PBXResourcesBuildPhase;
			buildActionMask = 2147483647;
			files = (
				5939D36629132D7200866FA5 /* Preview Assets.xcassets in Resources */,
				5939D36229132D7200866FA5 /* Assets.xcassets in Resources */,
				59BB153A29204E8D00EA4AF6 /* GoogleService-Info.plist in Resources */,
			);
			runOnlyForDeploymentPostprocessing = 0;
		};
		5939D36929132D7200866FA5 /* Resources */ = {
			isa = PBXResourcesBuildPhase;
			buildActionMask = 2147483647;
			files = (
			);
			runOnlyForDeploymentPostprocessing = 0;
		};
		5939D37329132D7200866FA5 /* Resources */ = {
			isa = PBXResourcesBuildPhase;
			buildActionMask = 2147483647;
			files = (
			);
			runOnlyForDeploymentPostprocessing = 0;
		};
/* End PBXResourcesBuildPhase section */

/* Begin PBXSourcesBuildPhase section */
		5939D35629132D7000866FA5 /* Sources */ = {
			isa = PBXSourcesBuildPhase;
			buildActionMask = 2147483647;
			files = (
				9DB46C5B296E5E31005F0216 /* PopUp.swift in Sources */,
				9D080583292FE62200094169 /* SearchView.swift in Sources */,
				5939D38929132D8500866FA5 /* FirebaseDB.swift in Sources */,
				9D95674B29380B70003F6B74 /* ListingViewModel.swift in Sources */,
				1EB9FCDC2979D1AB00659C5C /* RatingPicker.swift in Sources */,
				9D95674D29381193003F6B74 /* Stars.swift in Sources */,
				D120FABC2967B4B000CCD7A5 /* CreateAccountView.swift in Sources */,
				1E29DDA92936B22F0089F703 /* ProductCard.swift in Sources */,
				1E3D19D3297FB41100251D39 /* TextFieldStyles.swift in Sources */,
				1EB9FCDA2979CC3A00659C5C /* FilterSheetView.swift in Sources */,
				9DB46C59296E56BB005F0216 /* DatePicker.swift in Sources */,
				9D080594292FE9F400094169 /* AccountView.swift in Sources */,
				5939D36029132D7000866FA5 /* ContentView.swift in Sources */,
				D119C04229281DBA00E83142 /* HomeView.swift in Sources */,
				D120FAB42966533800CCD7A5 /* LandingView.swift in Sources */,
				5939D35E29132D7000866FA5 /* SH4REApp.swift in Sources */,
				D119C0482928313700E83142 /* ImagePicker.swift in Sources */,
				D120FAB6296658A100CCD7A5 /* TutorialView.swift in Sources */,
				D120FABA29668A7000CCD7A5 /* LoginView.swift in Sources */,
				5939D35E29132D7000866FA5 /* SH4REApp.swift in Sources */,
				D119C0482928313700E83142 /* ImagePicker.swift in Sources */,
				9D080596292FF43800094169 /* ViewListingView.swift in Sources */,
				1E7CB011297DF4B6008E4854 /* DropdownMenu.swift in Sources */,
				9D080589292FE85900094169 /* MessagesView.swift in Sources */,
				D119C03E29280D0600E83142 /* CreateListingView.swift in Sources */,
				9D95674A29380897003F6B74 /* ImageCarousel.swift in Sources */,
				1E3D19D0297F93BC00251D39 /* ButtonStyles.swift in Sources */,
				D120FABE2968AD6F00CCD7A5 /* GuestView.swift in Sources */,
				D120FAB8296675FA00CCD7A5 /* LoginControlView.swift in Sources */,
			);
			runOnlyForDeploymentPostprocessing = 0;
		};
		5939D36729132D7200866FA5 /* Sources */ = {
			isa = PBXSourcesBuildPhase;
			buildActionMask = 2147483647;
			files = (
				5939D37029132D7200866FA5 /* SH4RETests.swift in Sources */,
			);
			runOnlyForDeploymentPostprocessing = 0;
		};
		5939D37129132D7200866FA5 /* Sources */ = {
			isa = PBXSourcesBuildPhase;
			buildActionMask = 2147483647;
			files = (
				5939D37A29132D7200866FA5 /* SH4REUITests.swift in Sources */,
				5939D37C29132D7200866FA5 /* SH4REUITestsLaunchTests.swift in Sources */,
			);
			runOnlyForDeploymentPostprocessing = 0;
		};
/* End PBXSourcesBuildPhase section */

/* Begin PBXTargetDependency section */
		5939D36D29132D7200866FA5 /* PBXTargetDependency */ = {
			isa = PBXTargetDependency;
			target = 5939D35929132D7000866FA5 /* SH4RE */;
			targetProxy = 5939D36C29132D7200866FA5 /* PBXContainerItemProxy */;
		};
		5939D37729132D7200866FA5 /* PBXTargetDependency */ = {
			isa = PBXTargetDependency;
			target = 5939D35929132D7000866FA5 /* SH4RE */;
			targetProxy = 5939D37629132D7200866FA5 /* PBXContainerItemProxy */;
		};
/* End PBXTargetDependency section */

/* Begin XCBuildConfiguration section */
		5939D37D29132D7200866FA5 /* Debug */ = {
			isa = XCBuildConfiguration;
			buildSettings = {
				ALWAYS_SEARCH_USER_PATHS = NO;
				CLANG_ANALYZER_NONNULL = YES;
				CLANG_ANALYZER_NUMBER_OBJECT_CONVERSION = YES_AGGRESSIVE;
				CLANG_CXX_LANGUAGE_STANDARD = "gnu++20";
				CLANG_ENABLE_MODULES = YES;
				CLANG_ENABLE_OBJC_ARC = YES;
				CLANG_ENABLE_OBJC_WEAK = YES;
				CLANG_WARN_BLOCK_CAPTURE_AUTORELEASING = YES;
				CLANG_WARN_BOOL_CONVERSION = YES;
				CLANG_WARN_COMMA = YES;
				CLANG_WARN_CONSTANT_CONVERSION = YES;
				CLANG_WARN_DEPRECATED_OBJC_IMPLEMENTATIONS = YES;
				CLANG_WARN_DIRECT_OBJC_ISA_USAGE = YES_ERROR;
				CLANG_WARN_DOCUMENTATION_COMMENTS = YES;
				CLANG_WARN_EMPTY_BODY = YES;
				CLANG_WARN_ENUM_CONVERSION = YES;
				CLANG_WARN_INFINITE_RECURSION = YES;
				CLANG_WARN_INT_CONVERSION = YES;
				CLANG_WARN_NON_LITERAL_NULL_CONVERSION = YES;
				CLANG_WARN_OBJC_IMPLICIT_RETAIN_SELF = YES;
				CLANG_WARN_OBJC_LITERAL_CONVERSION = YES;
				CLANG_WARN_OBJC_ROOT_CLASS = YES_ERROR;
				CLANG_WARN_QUOTED_INCLUDE_IN_FRAMEWORK_HEADER = YES;
				CLANG_WARN_RANGE_LOOP_ANALYSIS = YES;
				CLANG_WARN_STRICT_PROTOTYPES = YES;
				CLANG_WARN_SUSPICIOUS_MOVE = YES;
				CLANG_WARN_UNGUARDED_AVAILABILITY = YES_AGGRESSIVE;
				CLANG_WARN_UNREACHABLE_CODE = YES;
				CLANG_WARN__DUPLICATE_METHOD_MATCH = YES;
				COPY_PHASE_STRIP = NO;
				DEBUG_INFORMATION_FORMAT = dwarf;
				ENABLE_STRICT_OBJC_MSGSEND = YES;
				ENABLE_TESTABILITY = YES;
				GCC_C_LANGUAGE_STANDARD = gnu11;
				GCC_DYNAMIC_NO_PIC = NO;
				GCC_NO_COMMON_BLOCKS = YES;
				GCC_OPTIMIZATION_LEVEL = 0;
				GCC_PREPROCESSOR_DEFINITIONS = (
					"DEBUG=1",
					"$(inherited)",
				);
				GCC_WARN_64_TO_32_BIT_CONVERSION = YES;
				GCC_WARN_ABOUT_RETURN_TYPE = YES_ERROR;
				GCC_WARN_UNDECLARED_SELECTOR = YES;
				GCC_WARN_UNINITIALIZED_AUTOS = YES_AGGRESSIVE;
				GCC_WARN_UNUSED_FUNCTION = YES;
				GCC_WARN_UNUSED_VARIABLE = YES;
				INFOPLIST_KEY_UIUserInterfaceStyle = Light;
				MTL_ENABLE_DEBUG_INFO = INCLUDE_SOURCE;
				MTL_FAST_MATH = YES;
				ONLY_ACTIVE_ARCH = YES;
				SWIFT_ACTIVE_COMPILATION_CONDITIONS = DEBUG;
				SWIFT_OPTIMIZATION_LEVEL = "-Onone";
			};
			name = Debug;
		};
		5939D37E29132D7200866FA5 /* Release */ = {
			isa = XCBuildConfiguration;
			buildSettings = {
				ALWAYS_SEARCH_USER_PATHS = NO;
				CLANG_ANALYZER_NONNULL = YES;
				CLANG_ANALYZER_NUMBER_OBJECT_CONVERSION = YES_AGGRESSIVE;
				CLANG_CXX_LANGUAGE_STANDARD = "gnu++20";
				CLANG_ENABLE_MODULES = YES;
				CLANG_ENABLE_OBJC_ARC = YES;
				CLANG_ENABLE_OBJC_WEAK = YES;
				CLANG_WARN_BLOCK_CAPTURE_AUTORELEASING = YES;
				CLANG_WARN_BOOL_CONVERSION = YES;
				CLANG_WARN_COMMA = YES;
				CLANG_WARN_CONSTANT_CONVERSION = YES;
				CLANG_WARN_DEPRECATED_OBJC_IMPLEMENTATIONS = YES;
				CLANG_WARN_DIRECT_OBJC_ISA_USAGE = YES_ERROR;
				CLANG_WARN_DOCUMENTATION_COMMENTS = YES;
				CLANG_WARN_EMPTY_BODY = YES;
				CLANG_WARN_ENUM_CONVERSION = YES;
				CLANG_WARN_INFINITE_RECURSION = YES;
				CLANG_WARN_INT_CONVERSION = YES;
				CLANG_WARN_NON_LITERAL_NULL_CONVERSION = YES;
				CLANG_WARN_OBJC_IMPLICIT_RETAIN_SELF = YES;
				CLANG_WARN_OBJC_LITERAL_CONVERSION = YES;
				CLANG_WARN_OBJC_ROOT_CLASS = YES_ERROR;
				CLANG_WARN_QUOTED_INCLUDE_IN_FRAMEWORK_HEADER = YES;
				CLANG_WARN_RANGE_LOOP_ANALYSIS = YES;
				CLANG_WARN_STRICT_PROTOTYPES = YES;
				CLANG_WARN_SUSPICIOUS_MOVE = YES;
				CLANG_WARN_UNGUARDED_AVAILABILITY = YES_AGGRESSIVE;
				CLANG_WARN_UNREACHABLE_CODE = YES;
				CLANG_WARN__DUPLICATE_METHOD_MATCH = YES;
				COPY_PHASE_STRIP = NO;
				DEBUG_INFORMATION_FORMAT = "dwarf-with-dsym";
				ENABLE_NS_ASSERTIONS = NO;
				ENABLE_STRICT_OBJC_MSGSEND = YES;
				GCC_C_LANGUAGE_STANDARD = gnu11;
				GCC_NO_COMMON_BLOCKS = YES;
				GCC_WARN_64_TO_32_BIT_CONVERSION = YES;
				GCC_WARN_ABOUT_RETURN_TYPE = YES_ERROR;
				GCC_WARN_UNDECLARED_SELECTOR = YES;
				GCC_WARN_UNINITIALIZED_AUTOS = YES_AGGRESSIVE;
				GCC_WARN_UNUSED_FUNCTION = YES;
				GCC_WARN_UNUSED_VARIABLE = YES;
				INFOPLIST_KEY_UIUserInterfaceStyle = Light;
				MTL_ENABLE_DEBUG_INFO = NO;
				MTL_FAST_MATH = YES;
				SWIFT_COMPILATION_MODE = wholemodule;
				SWIFT_OPTIMIZATION_LEVEL = "-O";
			};
			name = Release;
		};
		5939D38029132D7200866FA5 /* Debug */ = {
			isa = XCBuildConfiguration;
			buildSettings = {
				ASSETCATALOG_COMPILER_APPICON_NAME = AppIcon;
				ASSETCATALOG_COMPILER_GLOBAL_ACCENT_COLOR_NAME = AccentColor;
				CODE_SIGN_ENTITLEMENTS = SH4RE/SH4RE.entitlements;
				CODE_SIGN_STYLE = Automatic;
				CURRENT_PROJECT_VERSION = 1;
				DEVELOPMENT_ASSET_PATHS = "\"SH4RE/Preview Content\"";
				DEVELOPMENT_TEAM = R5ATHRRBR9;
				ENABLE_PREVIEWS = YES;
				GENERATE_INFOPLIST_FILE = YES;
				"INFOPLIST_KEY_UIApplicationSceneManifest_Generation[sdk=iphoneos*]" = YES;
				"INFOPLIST_KEY_UIApplicationSceneManifest_Generation[sdk=iphonesimulator*]" = YES;
				"INFOPLIST_KEY_UIApplicationSupportsIndirectInputEvents[sdk=iphoneos*]" = YES;
				"INFOPLIST_KEY_UIApplicationSupportsIndirectInputEvents[sdk=iphonesimulator*]" = YES;
				"INFOPLIST_KEY_UILaunchScreen_Generation[sdk=iphoneos*]" = YES;
				"INFOPLIST_KEY_UILaunchScreen_Generation[sdk=iphonesimulator*]" = YES;
				"INFOPLIST_KEY_UIStatusBarStyle[sdk=iphoneos*]" = UIStatusBarStyleDefault;
				"INFOPLIST_KEY_UIStatusBarStyle[sdk=iphonesimulator*]" = UIStatusBarStyleDefault;
				INFOPLIST_KEY_UISupportedInterfaceOrientations = UIInterfaceOrientationPortrait;
				INFOPLIST_KEY_UIUserInterfaceStyle = Light;
				IPHONEOS_DEPLOYMENT_TARGET = 16.1;
				LD_RUNPATH_SEARCH_PATHS = "@executable_path/Frameworks";
				"LD_RUNPATH_SEARCH_PATHS[sdk=macosx*]" = "@executable_path/../Frameworks";
				MACOSX_DEPLOYMENT_TARGET = 12.6;
				MARKETING_VERSION = 1.0;
				PRODUCT_BUNDLE_IDENTIFIER = ece496.SH4RE;
				PRODUCT_NAME = "$(TARGET_NAME)";
				SDKROOT = auto;
				SUPPORTED_PLATFORMS = "iphoneos iphonesimulator macosx";
				SWIFT_EMIT_LOC_STRINGS = YES;
				SWIFT_VERSION = 5.0;
				TARGETED_DEVICE_FAMILY = "1,2";
			};
			name = Debug;
		};
		5939D38129132D7200866FA5 /* Release */ = {
			isa = XCBuildConfiguration;
			buildSettings = {
				ASSETCATALOG_COMPILER_APPICON_NAME = AppIcon;
				ASSETCATALOG_COMPILER_GLOBAL_ACCENT_COLOR_NAME = AccentColor;
				CODE_SIGN_ENTITLEMENTS = SH4RE/SH4RE.entitlements;
				CODE_SIGN_STYLE = Automatic;
				CURRENT_PROJECT_VERSION = 1;
				DEVELOPMENT_ASSET_PATHS = "\"SH4RE/Preview Content\"";
				DEVELOPMENT_TEAM = R5ATHRRBR9;
				ENABLE_PREVIEWS = YES;
				GENERATE_INFOPLIST_FILE = YES;
				"INFOPLIST_KEY_UIApplicationSceneManifest_Generation[sdk=iphoneos*]" = YES;
				"INFOPLIST_KEY_UIApplicationSceneManifest_Generation[sdk=iphonesimulator*]" = YES;
				"INFOPLIST_KEY_UIApplicationSupportsIndirectInputEvents[sdk=iphoneos*]" = YES;
				"INFOPLIST_KEY_UIApplicationSupportsIndirectInputEvents[sdk=iphonesimulator*]" = YES;
				"INFOPLIST_KEY_UILaunchScreen_Generation[sdk=iphoneos*]" = YES;
				"INFOPLIST_KEY_UILaunchScreen_Generation[sdk=iphonesimulator*]" = YES;
				"INFOPLIST_KEY_UIStatusBarStyle[sdk=iphoneos*]" = UIStatusBarStyleDefault;
				"INFOPLIST_KEY_UIStatusBarStyle[sdk=iphonesimulator*]" = UIStatusBarStyleDefault;
				INFOPLIST_KEY_UISupportedInterfaceOrientations = UIInterfaceOrientationPortrait;
				INFOPLIST_KEY_UIUserInterfaceStyle = Light;
				IPHONEOS_DEPLOYMENT_TARGET = 16.1;
				LD_RUNPATH_SEARCH_PATHS = "@executable_path/Frameworks";
				"LD_RUNPATH_SEARCH_PATHS[sdk=macosx*]" = "@executable_path/../Frameworks";
				MACOSX_DEPLOYMENT_TARGET = 12.6;
				MARKETING_VERSION = 1.0;
				PRODUCT_BUNDLE_IDENTIFIER = ece496.SH4RE;
				PRODUCT_NAME = "$(TARGET_NAME)";
				SDKROOT = auto;
				SUPPORTED_PLATFORMS = "iphoneos iphonesimulator macosx";
				SWIFT_EMIT_LOC_STRINGS = YES;
				SWIFT_VERSION = 5.0;
				TARGETED_DEVICE_FAMILY = "1,2";
			};
			name = Release;
		};
		5939D38329132D7200866FA5 /* Debug */ = {
			isa = XCBuildConfiguration;
			buildSettings = {
				ALWAYS_EMBED_SWIFT_STANDARD_LIBRARIES = YES;
				BUNDLE_LOADER = "$(TEST_HOST)";
				CODE_SIGN_STYLE = Automatic;
				CURRENT_PROJECT_VERSION = 1;
				GENERATE_INFOPLIST_FILE = YES;
				IPHONEOS_DEPLOYMENT_TARGET = 16.1;
				MACOSX_DEPLOYMENT_TARGET = 12.6;
				MARKETING_VERSION = 1.0;
				PRODUCT_BUNDLE_IDENTIFIER = ece496.SH4RETests;
				PRODUCT_NAME = "$(TARGET_NAME)";
				SDKROOT = auto;
				SUPPORTED_PLATFORMS = "iphoneos iphonesimulator macosx";
				SWIFT_EMIT_LOC_STRINGS = NO;
				SWIFT_VERSION = 5.0;
				TARGETED_DEVICE_FAMILY = "1,2";
				TEST_HOST = "$(BUILT_PRODUCTS_DIR)/SH4RE.app/$(BUNDLE_EXECUTABLE_FOLDER_PATH)/SH4RE";
			};
			name = Debug;
		};
		5939D38429132D7200866FA5 /* Release */ = {
			isa = XCBuildConfiguration;
			buildSettings = {
				ALWAYS_EMBED_SWIFT_STANDARD_LIBRARIES = YES;
				BUNDLE_LOADER = "$(TEST_HOST)";
				CODE_SIGN_STYLE = Automatic;
				CURRENT_PROJECT_VERSION = 1;
				GENERATE_INFOPLIST_FILE = YES;
				IPHONEOS_DEPLOYMENT_TARGET = 16.1;
				MACOSX_DEPLOYMENT_TARGET = 12.6;
				MARKETING_VERSION = 1.0;
				PRODUCT_BUNDLE_IDENTIFIER = ece496.SH4RETests;
				PRODUCT_NAME = "$(TARGET_NAME)";
				SDKROOT = auto;
				SUPPORTED_PLATFORMS = "iphoneos iphonesimulator macosx";
				SWIFT_EMIT_LOC_STRINGS = NO;
				SWIFT_VERSION = 5.0;
				TARGETED_DEVICE_FAMILY = "1,2";
				TEST_HOST = "$(BUILT_PRODUCTS_DIR)/SH4RE.app/$(BUNDLE_EXECUTABLE_FOLDER_PATH)/SH4RE";
			};
			name = Release;
		};
		5939D38629132D7200866FA5 /* Debug */ = {
			isa = XCBuildConfiguration;
			buildSettings = {
				ALWAYS_EMBED_SWIFT_STANDARD_LIBRARIES = YES;
				CODE_SIGN_STYLE = Automatic;
				CURRENT_PROJECT_VERSION = 1;
				GENERATE_INFOPLIST_FILE = YES;
				IPHONEOS_DEPLOYMENT_TARGET = 16.1;
				MACOSX_DEPLOYMENT_TARGET = 12.6;
				MARKETING_VERSION = 1.0;
				PRODUCT_BUNDLE_IDENTIFIER = ece496.SH4REUITests;
				PRODUCT_NAME = "$(TARGET_NAME)";
				SDKROOT = auto;
				SUPPORTED_PLATFORMS = "iphoneos iphonesimulator macosx";
				SWIFT_EMIT_LOC_STRINGS = NO;
				SWIFT_VERSION = 5.0;
				TARGETED_DEVICE_FAMILY = "1,2";
				TEST_TARGET_NAME = SH4RE;
			};
			name = Debug;
		};
		5939D38729132D7200866FA5 /* Release */ = {
			isa = XCBuildConfiguration;
			buildSettings = {
				ALWAYS_EMBED_SWIFT_STANDARD_LIBRARIES = YES;
				CODE_SIGN_STYLE = Automatic;
				CURRENT_PROJECT_VERSION = 1;
				GENERATE_INFOPLIST_FILE = YES;
				IPHONEOS_DEPLOYMENT_TARGET = 16.1;
				MACOSX_DEPLOYMENT_TARGET = 12.6;
				MARKETING_VERSION = 1.0;
				PRODUCT_BUNDLE_IDENTIFIER = ece496.SH4REUITests;
				PRODUCT_NAME = "$(TARGET_NAME)";
				SDKROOT = auto;
				SUPPORTED_PLATFORMS = "iphoneos iphonesimulator macosx";
				SWIFT_EMIT_LOC_STRINGS = NO;
				SWIFT_VERSION = 5.0;
				TARGETED_DEVICE_FAMILY = "1,2";
				TEST_TARGET_NAME = SH4RE;
			};
			name = Release;
		};
/* End XCBuildConfiguration section */

/* Begin XCConfigurationList section */
		5939D35529132D7000866FA5 /* Build configuration list for PBXProject "SH4RE" */ = {
			isa = XCConfigurationList;
			buildConfigurations = (
				5939D37D29132D7200866FA5 /* Debug */,
				5939D37E29132D7200866FA5 /* Release */,
			);
			defaultConfigurationIsVisible = 0;
			defaultConfigurationName = Release;
		};
		5939D37F29132D7200866FA5 /* Build configuration list for PBXNativeTarget "SH4RE" */ = {
			isa = XCConfigurationList;
			buildConfigurations = (
				5939D38029132D7200866FA5 /* Debug */,
				5939D38129132D7200866FA5 /* Release */,
			);
			defaultConfigurationIsVisible = 0;
			defaultConfigurationName = Release;
		};
		5939D38229132D7200866FA5 /* Build configuration list for PBXNativeTarget "SH4RETests" */ = {
			isa = XCConfigurationList;
			buildConfigurations = (
				5939D38329132D7200866FA5 /* Debug */,
				5939D38429132D7200866FA5 /* Release */,
			);
			defaultConfigurationIsVisible = 0;
			defaultConfigurationName = Release;
		};
		5939D38529132D7200866FA5 /* Build configuration list for PBXNativeTarget "SH4REUITests" */ = {
			isa = XCConfigurationList;
			buildConfigurations = (
				5939D38629132D7200866FA5 /* Debug */,
				5939D38729132D7200866FA5 /* Release */,
			);
			defaultConfigurationIsVisible = 0;
			defaultConfigurationName = Release;
		};
/* End XCConfigurationList section */

/* Begin XCRemoteSwiftPackageReference section */
		12AA3C1D292DB4FE00F7F8E3 /* XCRemoteSwiftPackageReference "firebase-ios-sdk" */ = {
			isa = XCRemoteSwiftPackageReference;
			repositoryURL = "https://github.com/firebase/firebase-ios-sdk";
			requirement = {
				branch = master;
				kind = branch;
			};
		};
		D120FAAF2965428500CCD7A5 /* XCRemoteSwiftPackageReference "AlertX" */ = {
			isa = XCRemoteSwiftPackageReference;
			repositoryURL = "https://github.com/neel-makhecha/AlertX.git";
			requirement = {
				kind = upToNextMinorVersion;
				minimumVersion = 1.2.0;
			};
		};
/* End XCRemoteSwiftPackageReference section */

/* Begin XCSwiftPackageProductDependency section */
		12AA3C1E292DB4FE00F7F8E3 /* FirebaseFirestore */ = {
			isa = XCSwiftPackageProductDependency;
			package = 12AA3C1D292DB4FE00F7F8E3 /* XCRemoteSwiftPackageReference "firebase-ios-sdk" */;
			productName = FirebaseFirestore;
		};
		12AA3C20292DB4FE00F7F8E3 /* FirebaseFirestoreSwift */ = {
			isa = XCSwiftPackageProductDependency;
			package = 12AA3C1D292DB4FE00F7F8E3 /* XCRemoteSwiftPackageReference "firebase-ios-sdk" */;
			productName = FirebaseFirestoreSwift;
		};
		12AA3C22292DB4FE00F7F8E3 /* FirebaseStorage */ = {
			isa = XCSwiftPackageProductDependency;
			package = 12AA3C1D292DB4FE00F7F8E3 /* XCRemoteSwiftPackageReference "firebase-ios-sdk" */;
			productName = FirebaseStorage;
		};
		D120FAB02965428500CCD7A5 /* AlertX */ = {
			isa = XCSwiftPackageProductDependency;
			package = D120FAAF2965428500CCD7A5 /* XCRemoteSwiftPackageReference "AlertX" */;
			productName = AlertX;
		};
/* End XCSwiftPackageProductDependency section */
	};
	rootObject = 5939D35229132D7000866FA5 /* Project object */;
}
