// !$*UTF8*$!
{
	archiveVersion = 1;
	classes = {
	};
	objectVersion = 56;
	objects = {

/* Begin PBXBuildFile section */
		122652102970B55C006F5955 /* FirebaseAuth in Frameworks */ = {isa = PBXBuildFile; productRef = 1226520F2970B55C006F5955 /* FirebaseAuth */; };
		122652122970B55C006F5955 /* FirebaseAuthCombine-Community in Frameworks */ = {isa = PBXBuildFile; productRef = 122652112970B55C006F5955 /* FirebaseAuthCombine-Community */; };
		122652142970B55C006F5955 /* FirebaseFirestore in Frameworks */ = {isa = PBXBuildFile; productRef = 122652132970B55C006F5955 /* FirebaseFirestore */; };
		122652162970B55C006F5955 /* FirebaseFirestoreCombine-Community in Frameworks */ = {isa = PBXBuildFile; productRef = 122652152970B55C006F5955 /* FirebaseFirestoreCombine-Community */; };
		122652182970B55C006F5955 /* FirebaseFirestoreSwift in Frameworks */ = {isa = PBXBuildFile; productRef = 122652172970B55C006F5955 /* FirebaseFirestoreSwift */; };
		1226521A2970B55C006F5955 /* FirebaseStorage in Frameworks */ = {isa = PBXBuildFile; productRef = 122652192970B55C006F5955 /* FirebaseStorage */; };
		1226521C2970B55C006F5955 /* FirebaseStorageCombine-Community in Frameworks */ = {isa = PBXBuildFile; productRef = 1226521B2970B55C006F5955 /* FirebaseStorageCombine-Community */; };
		1247410729821407009B2145 /* ReviewViewModel.swift in Sources */ = {isa = PBXBuildFile; fileRef = 1247410629821407009B2145 /* ReviewViewModel.swift */; };
		12870D3629787414006CFA2B /* CurrentUser.swift in Sources */ = {isa = PBXBuildFile; fileRef = 12870D3529787414006CFA2B /* CurrentUser.swift */; };
		1288008729C958EC00EB34BE /* AlgoliaSearchClient in Frameworks */ = {isa = PBXBuildFile; productRef = 1288008629C958EC00EB34BE /* AlgoliaSearchClient */; };
		12A7A36E296F6C1C000B18D4 /* UserViewModel.swift in Sources */ = {isa = PBXBuildFile; fileRef = 12A7A36D296F6C1C000B18D4 /* UserViewModel.swift */; };
		1E1208A82988388700604D68 /* CurrentLocationButton.swift in Sources */ = {isa = PBXBuildFile; fileRef = 1E1208A72988388700604D68 /* CurrentLocationButton.swift */; };
		1E29DDA92936B22F0089F703 /* ProductCard.swift in Sources */ = {isa = PBXBuildFile; fileRef = 1E29DDA82936B22F0089F703 /* ProductCard.swift */; };
		1E3D19D0297F93BC00251D39 /* ButtonStyles.swift in Sources */ = {isa = PBXBuildFile; fileRef = 1E3D19CF297F93BC00251D39 /* ButtonStyles.swift */; };
		1E3D19D3297FB41100251D39 /* TextFieldStyles.swift in Sources */ = {isa = PBXBuildFile; fileRef = 1E3D19D2297FB41100251D39 /* TextFieldStyles.swift */; };
		1E7CB011297DF4B6008E4854 /* DropdownMenu.swift in Sources */ = {isa = PBXBuildFile; fileRef = 1E7CB010297DF4B6008E4854 /* DropdownMenu.swift */; };
		1E80DA7629BF8B7B0058F82A /* SearchModel.swift in Sources */ = {isa = PBXBuildFile; fileRef = 1E80DA7529BF8B7B0058F82A /* SearchModel.swift */; };
		1EB9FCDA2979CC3A00659C5C /* FilterSheetView.swift in Sources */ = {isa = PBXBuildFile; fileRef = 1EB9FCD92979CC3A00659C5C /* FilterSheetView.swift */; };
		1EB9FCDC2979D1AB00659C5C /* RatingPicker.swift in Sources */ = {isa = PBXBuildFile; fileRef = 1EB9FCDB2979D1AB00659C5C /* RatingPicker.swift */; };
		1ECFE34629BFA49A0036F19A /* Stickers.xcassets in Resources */ = {isa = PBXBuildFile; fileRef = 1ECFE34529BFA49A0036F19A /* Stickers.xcassets */; };
		1ECFE34A29BFA49A0036F19A /* SH4RE Stickers.appex in Embed Foundation Extensions */ = {isa = PBXBuildFile; fileRef = 1ECFE34329BFA4970036F19A /* SH4RE Stickers.appex */; settings = {ATTRIBUTES = (RemoveHeadersOnCopy, ); }; };
		1ECFE34F29BFA5C80036F19A /* Stickers.xcassets in Resources */ = {isa = PBXBuildFile; fileRef = 1ECFE34529BFA49A0036F19A /* Stickers.xcassets */; };
		1ECFE35029BFA5E90036F19A /* Assets.xcassets in Resources */ = {isa = PBXBuildFile; fileRef = 5939D36129132D7200866FA5 /* Assets.xcassets */; };
		1ED168DC29C5180C00287CE8 /* FavouritesModel.swift in Sources */ = {isa = PBXBuildFile; fileRef = 1ED168DB29C5180C00287CE8 /* FavouritesModel.swift */; };
		1EE1D5C629BFB1A500A59AC1 /* Categories.swift in Sources */ = {isa = PBXBuildFile; fileRef = 1EE1D5C529BFB1A500A59AC1 /* Categories.swift */; };
		391AF85129C7B8A400FB1053 /* MyListingsView.swift in Sources */ = {isa = PBXBuildFile; fileRef = 391AF85029C7B8A400FB1053 /* MyListingsView.swift */; };
		391AF85329C7C16500FB1053 /* EditAccountView.swift in Sources */ = {isa = PBXBuildFile; fileRef = 391AF85229C7C16500FB1053 /* EditAccountView.swift */; };
		391AF85529C7C1AA00FB1053 /* ReviewsView.swift in Sources */ = {isa = PBXBuildFile; fileRef = 391AF85429C7C1AA00FB1053 /* ReviewsView.swift */; };
		391AF85729C7C1D500FB1053 /* FavouritesView.swift in Sources */ = {isa = PBXBuildFile; fileRef = 391AF85629C7C1D500FB1053 /* FavouritesView.swift */; };
		39ABA1BB29CB571500838275 /* ProfileView.swift in Sources */ = {isa = PBXBuildFile; fileRef = 39ABA1BA29CB571500838275 /* ProfileView.swift */; };
		5939D35E29132D7000866FA5 /* SH4REApp.swift in Sources */ = {isa = PBXBuildFile; fileRef = 5939D35D29132D7000866FA5 /* SH4REApp.swift */; };
		5939D36029132D7000866FA5 /* ContentView.swift in Sources */ = {isa = PBXBuildFile; fileRef = 5939D35F29132D7000866FA5 /* ContentView.swift */; };
		5939D36229132D7200866FA5 /* Assets.xcassets in Resources */ = {isa = PBXBuildFile; fileRef = 5939D36129132D7200866FA5 /* Assets.xcassets */; };
		5939D36629132D7200866FA5 /* Preview Assets.xcassets in Resources */ = {isa = PBXBuildFile; fileRef = 5939D36529132D7200866FA5 /* Preview Assets.xcassets */; };
		5939D37029132D7200866FA5 /* SH4RETests.swift in Sources */ = {isa = PBXBuildFile; fileRef = 5939D36F29132D7200866FA5 /* SH4RETests.swift */; };
		5939D37A29132D7200866FA5 /* SH4REUITests.swift in Sources */ = {isa = PBXBuildFile; fileRef = 5939D37929132D7200866FA5 /* SH4REUITests.swift */; };
		5939D37C29132D7200866FA5 /* SH4REUITestsLaunchTests.swift in Sources */ = {isa = PBXBuildFile; fileRef = 5939D37B29132D7200866FA5 /* SH4REUITestsLaunchTests.swift */; };
		5939D38929132D8500866FA5 /* FirebaseDB.swift in Sources */ = {isa = PBXBuildFile; fileRef = 5939D38829132D8500866FA5 /* FirebaseDB.swift */; };
		59BB153A29204E8D00EA4AF6 /* GoogleService-Info.plist in Resources */ = {isa = PBXBuildFile; fileRef = 59BB153929204E8D00EA4AF6 /* GoogleService-Info.plist */; };
		9D0518572998496200366A10 /* RKManager.swift in Sources */ = {isa = PBXBuildFile; fileRef = 9D0518562998496200366A10 /* RKManager.swift */; };
		9D05185E2998497400366A10 /* RKMonth.swift in Sources */ = {isa = PBXBuildFile; fileRef = 9D0518582998497300366A10 /* RKMonth.swift */; };
		9D05185F2998497400366A10 /* RKColorSettings.swift in Sources */ = {isa = PBXBuildFile; fileRef = 9D05185D2998497400366A10 /* RKColorSettings.swift */; };
		9D0518602998497400366A10 /* RKCell.swift in Sources */ = {isa = PBXBuildFile; fileRef = 9D05185B2998497300366A10 /* RKCell.swift */; };
		9D0518612998497400366A10 /* RKDate.swift in Sources */ = {isa = PBXBuildFile; fileRef = 9D05185C2998497300366A10 /* RKDate.swift */; };
		9D0518622998497400366A10 /* RKViewController.swift in Sources */ = {isa = PBXBuildFile; fileRef = 9D0518592998497300366A10 /* RKViewController.swift */; };
		9D0518632998497400366A10 /* RKWeekdayHeader.swift in Sources */ = {isa = PBXBuildFile; fileRef = 9D05185A2998497300366A10 /* RKWeekdayHeader.swift */; };
		9D080583292FE62200094169 /* SearchView.swift in Sources */ = {isa = PBXBuildFile; fileRef = 9D080582292FE62200094169 /* SearchView.swift */; };
		9D080594292FE9F400094169 /* AccountView.swift in Sources */ = {isa = PBXBuildFile; fileRef = 9D080593292FE9F400094169 /* AccountView.swift */; };
		9D080596292FF43800094169 /* ViewListingView.swift in Sources */ = {isa = PBXBuildFile; fileRef = 9D080595292FF43800094169 /* ViewListingView.swift */; };
		9D16B1EB29958786007F99D8 /* MainMessagesViewModel.swift in Sources */ = {isa = PBXBuildFile; fileRef = 9D16B1EA29958786007F99D8 /* MainMessagesViewModel.swift */; };
		9D16B1ED2995886D007F99D8 /* ChatLogViewModel.swift in Sources */ = {isa = PBXBuildFile; fileRef = 9D16B1EC2995886D007F99D8 /* ChatLogViewModel.swift */; };
		9D16B1F0299588E8007F99D8 /* MessageView.swift in Sources */ = {isa = PBXBuildFile; fileRef = 9D16B1EF299588E8007F99D8 /* MessageView.swift */; };
		9D16B1F229958910007F99D8 /* Placeholder.swift in Sources */ = {isa = PBXBuildFile; fileRef = 9D16B1F129958910007F99D8 /* Placeholder.swift */; };
		9D250D1C29847597009AA895 /* MessagesChat.swift in Sources */ = {isa = PBXBuildFile; fileRef = 9D250D1B29847597009AA895 /* MessagesChat.swift */; };
		9D250D1E298475B6009AA895 /* MessagesInboxView.swift in Sources */ = {isa = PBXBuildFile; fileRef = 9D250D1D298475B6009AA895 /* MessagesInboxView.swift */; };
		9D250D20298475FA009AA895 /* ChatMessageModel.swift in Sources */ = {isa = PBXBuildFile; fileRef = 9D250D1F298475FA009AA895 /* ChatMessageModel.swift */; };
		9D803C5E29D220390003A0E5 /* Review.swift in Sources */ = {isa = PBXBuildFile; fileRef = 9D803C5D29D220390003A0E5 /* Review.swift */; };
		9D95674A29380897003F6B74 /* ImageCarousel.swift in Sources */ = {isa = PBXBuildFile; fileRef = 9D95674929380897003F6B74 /* ImageCarousel.swift */; };
		9D95674B29380B70003F6B74 /* ListingViewModel.swift in Sources */ = {isa = PBXBuildFile; fileRef = 12AA3C2D2933038800F7F8E3 /* ListingViewModel.swift */; };
		9D95674D29381193003F6B74 /* Stars.swift in Sources */ = {isa = PBXBuildFile; fileRef = 9D95674C29381193003F6B74 /* Stars.swift */; };
		9DB46C59296E56BB005F0216 /* DatePicker.swift in Sources */ = {isa = PBXBuildFile; fileRef = 9DB46C58296E56BB005F0216 /* DatePicker.swift */; };
		9DB46C5B296E5E31005F0216 /* PopUp.swift in Sources */ = {isa = PBXBuildFile; fileRef = 9DB46C5A296E5E31005F0216 /* PopUp.swift */; };
		9DD217FE29D91A2D002692B6 /* UnverifiedView.swift in Sources */ = {isa = PBXBuildFile; fileRef = 9DD217FD29D91A2D002692B6 /* UnverifiedView.swift */; };
		D119C03E29280D0600E83142 /* CreateListingView.swift in Sources */ = {isa = PBXBuildFile; fileRef = D119C03D29280D0600E83142 /* CreateListingView.swift */; };
		D119C04229281DBA00E83142 /* HomeView.swift in Sources */ = {isa = PBXBuildFile; fileRef = D119C04129281DBA00E83142 /* HomeView.swift */; };
		D119C0482928313700E83142 /* ImagePicker.swift in Sources */ = {isa = PBXBuildFile; fileRef = D119C0472928313700E83142 /* ImagePicker.swift */; };
		D120FAB12965428500CCD7A5 /* AlertX in Frameworks */ = {isa = PBXBuildFile; productRef = D120FAB02965428500CCD7A5 /* AlertX */; };
		D120FAB42966533800CCD7A5 /* LandingView.swift in Sources */ = {isa = PBXBuildFile; fileRef = D120FAB32966533800CCD7A5 /* LandingView.swift */; };
		D120FAB6296658A100CCD7A5 /* TutorialView.swift in Sources */ = {isa = PBXBuildFile; fileRef = D120FAB5296658A100CCD7A5 /* TutorialView.swift */; };
		D120FAB8296675FA00CCD7A5 /* LoginControlView.swift in Sources */ = {isa = PBXBuildFile; fileRef = D120FAB7296675FA00CCD7A5 /* LoginControlView.swift */; };
		D120FABA29668A7000CCD7A5 /* LoginView.swift in Sources */ = {isa = PBXBuildFile; fileRef = D120FAB929668A7000CCD7A5 /* LoginView.swift */; };
		D120FABC2967B4B000CCD7A5 /* CreateAccountView.swift in Sources */ = {isa = PBXBuildFile; fileRef = D120FABB2967B4B000CCD7A5 /* CreateAccountView.swift */; };
		D120FABE2968AD6F00CCD7A5 /* GuestView.swift in Sources */ = {isa = PBXBuildFile; fileRef = D120FABD2968AD6F00CCD7A5 /* GuestView.swift */; };
/* End PBXBuildFile section */

/* Begin PBXContainerItemProxy section */
		1ECFE34829BFA49A0036F19A /* PBXContainerItemProxy */ = {
			isa = PBXContainerItemProxy;
			containerPortal = 5939D35229132D7000866FA5 /* Project object */;
			proxyType = 1;
			remoteGlobalIDString = 1ECFE34229BFA4970036F19A;
			remoteInfo = "SH4RE Stickers";
		};
		5939D36C29132D7200866FA5 /* PBXContainerItemProxy */ = {
			isa = PBXContainerItemProxy;
			containerPortal = 5939D35229132D7000866FA5 /* Project object */;
			proxyType = 1;
			remoteGlobalIDString = 5939D35929132D7000866FA5;
			remoteInfo = SH4RE;
		};
		5939D37629132D7200866FA5 /* PBXContainerItemProxy */ = {
			isa = PBXContainerItemProxy;
			containerPortal = 5939D35229132D7000866FA5 /* Project object */;
			proxyType = 1;
			remoteGlobalIDString = 5939D35929132D7000866FA5;
			remoteInfo = SH4RE;
		};
/* End PBXContainerItemProxy section */

/* Begin PBXCopyFilesBuildPhase section */
		1ECFE34B29BFA49A0036F19A /* Embed Foundation Extensions */ = {
			isa = PBXCopyFilesBuildPhase;
			buildActionMask = 2147483647;
			dstPath = "";
			dstSubfolderSpec = 13;
			files = (
				1ECFE34A29BFA49A0036F19A /* SH4RE Stickers.appex in Embed Foundation Extensions */,
			);
			name = "Embed Foundation Extensions";
			runOnlyForDeploymentPostprocessing = 0;
		};
/* End PBXCopyFilesBuildPhase section */

/* Begin PBXFileReference section */
		1247410629821407009B2145 /* ReviewViewModel.swift */ = {isa = PBXFileReference; lastKnownFileType = sourcecode.swift; path = ReviewViewModel.swift; sourceTree = "<group>"; };
		12870D3529787414006CFA2B /* CurrentUser.swift */ = {isa = PBXFileReference; lastKnownFileType = sourcecode.swift; path = CurrentUser.swift; sourceTree = "<group>"; };
		12A7A36D296F6C1C000B18D4 /* UserViewModel.swift */ = {isa = PBXFileReference; lastKnownFileType = sourcecode.swift; path = UserViewModel.swift; sourceTree = "<group>"; };
		12AA3C2D2933038800F7F8E3 /* ListingViewModel.swift */ = {isa = PBXFileReference; lastKnownFileType = sourcecode.swift; path = ListingViewModel.swift; sourceTree = "<group>"; };
		1E1208A72988388700604D68 /* CurrentLocationButton.swift */ = {isa = PBXFileReference; lastKnownFileType = sourcecode.swift; path = CurrentLocationButton.swift; sourceTree = "<group>"; };
		1E29DDA82936B22F0089F703 /* ProductCard.swift */ = {isa = PBXFileReference; lastKnownFileType = sourcecode.swift; path = ProductCard.swift; sourceTree = "<group>"; };
		1E3D19CF297F93BC00251D39 /* ButtonStyles.swift */ = {isa = PBXFileReference; lastKnownFileType = sourcecode.swift; path = ButtonStyles.swift; sourceTree = "<group>"; };
		1E3D19D2297FB41100251D39 /* TextFieldStyles.swift */ = {isa = PBXFileReference; lastKnownFileType = sourcecode.swift; path = TextFieldStyles.swift; sourceTree = "<group>"; };
		1E7CB010297DF4B6008E4854 /* DropdownMenu.swift */ = {isa = PBXFileReference; lastKnownFileType = sourcecode.swift; path = DropdownMenu.swift; sourceTree = "<group>"; };
		1E80DA7529BF8B7B0058F82A /* SearchModel.swift */ = {isa = PBXFileReference; lastKnownFileType = sourcecode.swift; path = SearchModel.swift; sourceTree = "<group>"; };
		1EB9FCD92979CC3A00659C5C /* FilterSheetView.swift */ = {isa = PBXFileReference; lastKnownFileType = sourcecode.swift; path = FilterSheetView.swift; sourceTree = "<group>"; };
		1EB9FCDB2979D1AB00659C5C /* RatingPicker.swift */ = {isa = PBXFileReference; lastKnownFileType = sourcecode.swift; path = RatingPicker.swift; sourceTree = "<group>"; };
		1ECFE34329BFA4970036F19A /* SH4RE Stickers.appex */ = {isa = PBXFileReference; explicitFileType = "wrapper.app-extension"; includeInIndex = 0; path = "SH4RE Stickers.appex"; sourceTree = BUILT_PRODUCTS_DIR; };
		1ECFE34529BFA49A0036F19A /* Stickers.xcassets */ = {isa = PBXFileReference; lastKnownFileType = folder.assetcatalog; path = Stickers.xcassets; sourceTree = "<group>"; };
		1ECFE34729BFA49A0036F19A /* Info.plist */ = {isa = PBXFileReference; lastKnownFileType = text.plist.xml; path = Info.plist; sourceTree = "<group>"; };
		1ED168DB29C5180C00287CE8 /* FavouritesModel.swift */ = {isa = PBXFileReference; lastKnownFileType = sourcecode.swift; path = FavouritesModel.swift; sourceTree = "<group>"; };
		1EE1D5C529BFB1A500A59AC1 /* Categories.swift */ = {isa = PBXFileReference; lastKnownFileType = sourcecode.swift; path = Categories.swift; sourceTree = "<group>"; };
		391AF85029C7B8A400FB1053 /* MyListingsView.swift */ = {isa = PBXFileReference; lastKnownFileType = sourcecode.swift; path = MyListingsView.swift; sourceTree = "<group>"; };
		391AF85229C7C16500FB1053 /* EditAccountView.swift */ = {isa = PBXFileReference; lastKnownFileType = sourcecode.swift; path = EditAccountView.swift; sourceTree = "<group>"; };
		391AF85429C7C1AA00FB1053 /* ReviewsView.swift */ = {isa = PBXFileReference; lastKnownFileType = sourcecode.swift; path = ReviewsView.swift; sourceTree = "<group>"; };
		391AF85629C7C1D500FB1053 /* FavouritesView.swift */ = {isa = PBXFileReference; lastKnownFileType = sourcecode.swift; path = FavouritesView.swift; sourceTree = "<group>"; };
		39ABA1BA29CB571500838275 /* ProfileView.swift */ = {isa = PBXFileReference; lastKnownFileType = sourcecode.swift; path = ProfileView.swift; sourceTree = "<group>"; };
		5939D35A29132D7000866FA5 /* SH4RE.app */ = {isa = PBXFileReference; explicitFileType = wrapper.application; includeInIndex = 0; path = SH4RE.app; sourceTree = BUILT_PRODUCTS_DIR; };
		5939D35D29132D7000866FA5 /* SH4REApp.swift */ = {isa = PBXFileReference; lastKnownFileType = sourcecode.swift; path = SH4REApp.swift; sourceTree = "<group>"; };
		5939D35F29132D7000866FA5 /* ContentView.swift */ = {isa = PBXFileReference; lastKnownFileType = sourcecode.swift; path = ContentView.swift; sourceTree = "<group>"; };
		5939D36129132D7200866FA5 /* Assets.xcassets */ = {isa = PBXFileReference; lastKnownFileType = folder.assetcatalog; path = Assets.xcassets; sourceTree = "<group>"; };
		5939D36329132D7200866FA5 /* SH4RE.entitlements */ = {isa = PBXFileReference; lastKnownFileType = text.plist.entitlements; path = SH4RE.entitlements; sourceTree = "<group>"; };
		5939D36529132D7200866FA5 /* Preview Assets.xcassets */ = {isa = PBXFileReference; lastKnownFileType = folder.assetcatalog; path = "Preview Assets.xcassets"; sourceTree = "<group>"; };
		5939D36B29132D7200866FA5 /* SH4RETests.xctest */ = {isa = PBXFileReference; explicitFileType = wrapper.cfbundle; includeInIndex = 0; path = SH4RETests.xctest; sourceTree = BUILT_PRODUCTS_DIR; };
		5939D36F29132D7200866FA5 /* SH4RETests.swift */ = {isa = PBXFileReference; lastKnownFileType = sourcecode.swift; path = SH4RETests.swift; sourceTree = "<group>"; };
		5939D37529132D7200866FA5 /* SH4REUITests.xctest */ = {isa = PBXFileReference; explicitFileType = wrapper.cfbundle; includeInIndex = 0; path = SH4REUITests.xctest; sourceTree = BUILT_PRODUCTS_DIR; };
		5939D37929132D7200866FA5 /* SH4REUITests.swift */ = {isa = PBXFileReference; lastKnownFileType = sourcecode.swift; path = SH4REUITests.swift; sourceTree = "<group>"; };
		5939D37B29132D7200866FA5 /* SH4REUITestsLaunchTests.swift */ = {isa = PBXFileReference; lastKnownFileType = sourcecode.swift; path = SH4REUITestsLaunchTests.swift; sourceTree = "<group>"; };
		5939D38829132D8500866FA5 /* FirebaseDB.swift */ = {isa = PBXFileReference; lastKnownFileType = sourcecode.swift; path = FirebaseDB.swift; sourceTree = "<group>"; };
		59BB153929204E8D00EA4AF6 /* GoogleService-Info.plist */ = {isa = PBXFileReference; fileEncoding = 4; lastKnownFileType = text.plist.xml; path = "GoogleService-Info.plist"; sourceTree = "<group>"; };
		9D0518562998496200366A10 /* RKManager.swift */ = {isa = PBXFileReference; lastKnownFileType = sourcecode.swift; path = RKManager.swift; sourceTree = "<group>"; };
		9D0518582998497300366A10 /* RKMonth.swift */ = {isa = PBXFileReference; lastKnownFileType = sourcecode.swift; path = RKMonth.swift; sourceTree = "<group>"; };
		9D0518592998497300366A10 /* RKViewController.swift */ = {isa = PBXFileReference; lastKnownFileType = sourcecode.swift; path = RKViewController.swift; sourceTree = "<group>"; };
		9D05185A2998497300366A10 /* RKWeekdayHeader.swift */ = {isa = PBXFileReference; lastKnownFileType = sourcecode.swift; path = RKWeekdayHeader.swift; sourceTree = "<group>"; };
		9D05185B2998497300366A10 /* RKCell.swift */ = {isa = PBXFileReference; lastKnownFileType = sourcecode.swift; path = RKCell.swift; sourceTree = "<group>"; };
		9D05185C2998497300366A10 /* RKDate.swift */ = {isa = PBXFileReference; lastKnownFileType = sourcecode.swift; path = RKDate.swift; sourceTree = "<group>"; };
		9D05185D2998497400366A10 /* RKColorSettings.swift */ = {isa = PBXFileReference; lastKnownFileType = sourcecode.swift; path = RKColorSettings.swift; sourceTree = "<group>"; };
		9D080582292FE62200094169 /* SearchView.swift */ = {isa = PBXFileReference; lastKnownFileType = sourcecode.swift; path = SearchView.swift; sourceTree = "<group>"; };
		9D080593292FE9F400094169 /* AccountView.swift */ = {isa = PBXFileReference; lastKnownFileType = sourcecode.swift; path = AccountView.swift; sourceTree = "<group>"; };
		9D080595292FF43800094169 /* ViewListingView.swift */ = {isa = PBXFileReference; lastKnownFileType = sourcecode.swift; path = ViewListingView.swift; sourceTree = "<group>"; };
		9D16B1EA29958786007F99D8 /* MainMessagesViewModel.swift */ = {isa = PBXFileReference; lastKnownFileType = sourcecode.swift; path = MainMessagesViewModel.swift; sourceTree = "<group>"; };
		9D16B1EC2995886D007F99D8 /* ChatLogViewModel.swift */ = {isa = PBXFileReference; lastKnownFileType = sourcecode.swift; path = ChatLogViewModel.swift; sourceTree = "<group>"; };
		9D16B1EF299588E8007F99D8 /* MessageView.swift */ = {isa = PBXFileReference; lastKnownFileType = sourcecode.swift; path = MessageView.swift; sourceTree = "<group>"; };
		9D16B1F129958910007F99D8 /* Placeholder.swift */ = {isa = PBXFileReference; lastKnownFileType = sourcecode.swift; path = Placeholder.swift; sourceTree = "<group>"; };
		9D250D1B29847597009AA895 /* MessagesChat.swift */ = {isa = PBXFileReference; lastKnownFileType = sourcecode.swift; path = MessagesChat.swift; sourceTree = "<group>"; };
		9D250D1D298475B6009AA895 /* MessagesInboxView.swift */ = {isa = PBXFileReference; lastKnownFileType = sourcecode.swift; path = MessagesInboxView.swift; sourceTree = "<group>"; };
		9D250D1F298475FA009AA895 /* ChatMessageModel.swift */ = {isa = PBXFileReference; lastKnownFileType = sourcecode.swift; path = ChatMessageModel.swift; sourceTree = "<group>"; };
		9D803C5D29D220390003A0E5 /* Review.swift */ = {isa = PBXFileReference; lastKnownFileType = sourcecode.swift; path = Review.swift; sourceTree = "<group>"; };
		9D95674929380897003F6B74 /* ImageCarousel.swift */ = {isa = PBXFileReference; lastKnownFileType = sourcecode.swift; path = ImageCarousel.swift; sourceTree = "<group>"; };
		9D95674C29381193003F6B74 /* Stars.swift */ = {isa = PBXFileReference; lastKnownFileType = sourcecode.swift; path = Stars.swift; sourceTree = "<group>"; };
		9DB46C58296E56BB005F0216 /* DatePicker.swift */ = {isa = PBXFileReference; lastKnownFileType = sourcecode.swift; path = DatePicker.swift; sourceTree = "<group>"; };
		9DB46C5A296E5E31005F0216 /* PopUp.swift */ = {isa = PBXFileReference; lastKnownFileType = sourcecode.swift; path = PopUp.swift; sourceTree = "<group>"; };
		9DD217FD29D91A2D002692B6 /* UnverifiedView.swift */ = {isa = PBXFileReference; lastKnownFileType = sourcecode.swift; path = UnverifiedView.swift; sourceTree = "<group>"; };
		D119C03D29280D0600E83142 /* CreateListingView.swift */ = {isa = PBXFileReference; lastKnownFileType = sourcecode.swift; path = CreateListingView.swift; sourceTree = "<group>"; };
		D119C04129281DBA00E83142 /* HomeView.swift */ = {isa = PBXFileReference; lastKnownFileType = sourcecode.swift; path = HomeView.swift; sourceTree = "<group>"; };
		D119C0472928313700E83142 /* ImagePicker.swift */ = {isa = PBXFileReference; lastKnownFileType = sourcecode.swift; path = ImagePicker.swift; sourceTree = "<group>"; };
		D120FAB32966533800CCD7A5 /* LandingView.swift */ = {isa = PBXFileReference; lastKnownFileType = sourcecode.swift; path = LandingView.swift; sourceTree = "<group>"; };
		D120FAB5296658A100CCD7A5 /* TutorialView.swift */ = {isa = PBXFileReference; lastKnownFileType = sourcecode.swift; path = TutorialView.swift; sourceTree = "<group>"; };
		D120FAB7296675FA00CCD7A5 /* LoginControlView.swift */ = {isa = PBXFileReference; lastKnownFileType = sourcecode.swift; path = LoginControlView.swift; sourceTree = "<group>"; };
		D120FAB929668A7000CCD7A5 /* LoginView.swift */ = {isa = PBXFileReference; lastKnownFileType = sourcecode.swift; path = LoginView.swift; sourceTree = "<group>"; };
		D120FABB2967B4B000CCD7A5 /* CreateAccountView.swift */ = {isa = PBXFileReference; lastKnownFileType = sourcecode.swift; path = CreateAccountView.swift; sourceTree = "<group>"; };
		D120FABD2968AD6F00CCD7A5 /* GuestView.swift */ = {isa = PBXFileReference; lastKnownFileType = sourcecode.swift; path = GuestView.swift; sourceTree = "<group>"; };
/* End PBXFileReference section */

/* Begin PBXFrameworksBuildPhase section */
		5939D35729132D7000866FA5 /* Frameworks */ = {
			isa = PBXFrameworksBuildPhase;
			buildActionMask = 2147483647;
			files = (
				D120FAB12965428500CCD7A5 /* AlertX in Frameworks */,
				122652142970B55C006F5955 /* FirebaseFirestore in Frameworks */,
				1226521C2970B55C006F5955 /* FirebaseStorageCombine-Community in Frameworks */,
				1288008729C958EC00EB34BE /* AlgoliaSearchClient in Frameworks */,
				122652122970B55C006F5955 /* FirebaseAuthCombine-Community in Frameworks */,
				122652162970B55C006F5955 /* FirebaseFirestoreCombine-Community in Frameworks */,
				1226521A2970B55C006F5955 /* FirebaseStorage in Frameworks */,
				122652102970B55C006F5955 /* FirebaseAuth in Frameworks */,
				122652182970B55C006F5955 /* FirebaseFirestoreSwift in Frameworks */,
			);
			runOnlyForDeploymentPostprocessing = 0;
		};
		5939D36829132D7200866FA5 /* Frameworks */ = {
			isa = PBXFrameworksBuildPhase;
			buildActionMask = 2147483647;
			files = (
			);
			runOnlyForDeploymentPostprocessing = 0;
		};
		5939D37229132D7200866FA5 /* Frameworks */ = {
			isa = PBXFrameworksBuildPhase;
			buildActionMask = 2147483647;
			files = (
			);
			runOnlyForDeploymentPostprocessing = 0;
		};
/* End PBXFrameworksBuildPhase section */

/* Begin PBXGroup section */
		1E29DDA72936B1F20089F703 /* Components */ = {
			isa = PBXGroup;
			children = (
				1E29DDA82936B22F0089F703 /* ProductCard.swift */,
				1E1208A72988388700604D68 /* CurrentLocationButton.swift */,
			);
			path = Components;
			sourceTree = "<group>";
		};
		1E3D19D1297FB3E700251D39 /* Styles */ = {
			isa = PBXGroup;
			children = (
				1E3D19CF297F93BC00251D39 /* ButtonStyles.swift */,
				1E3D19D2297FB41100251D39 /* TextFieldStyles.swift */,
			);
			path = Styles;
			sourceTree = "<group>";
		};
		1ECFE34429BFA4970036F19A /* SH4RE Stickers */ = {
			isa = PBXGroup;
			children = (
				1ECFE34529BFA49A0036F19A /* Stickers.xcassets */,
				1ECFE34729BFA49A0036F19A /* Info.plist */,
			);
			path = "SH4RE Stickers";
			sourceTree = "<group>";
		};
		5939D35129132D7000866FA5 = {
			isa = PBXGroup;
			children = (
				59BB153929204E8D00EA4AF6 /* GoogleService-Info.plist */,
				5939D35C29132D7000866FA5 /* SH4RE */,
				5939D36E29132D7200866FA5 /* SH4RETests */,
				5939D37829132D7200866FA5 /* SH4REUITests */,
				1ECFE34429BFA4970036F19A /* SH4RE Stickers */,
				5939D35B29132D7000866FA5 /* Products */,
			);
			sourceTree = "<group>";
		};
		5939D35B29132D7000866FA5 /* Products */ = {
			isa = PBXGroup;
			children = (
				5939D35A29132D7000866FA5 /* SH4RE.app */,
				5939D36B29132D7200866FA5 /* SH4RETests.xctest */,
				5939D37529132D7200866FA5 /* SH4REUITests.xctest */,
				1ECFE34329BFA4970036F19A /* SH4RE Stickers.appex */,
			);
			name = Products;
			sourceTree = "<group>";
		};
		5939D35C29132D7000866FA5 /* SH4RE */ = {
			isa = PBXGroup;
			children = (
				5939D35D29132D7000866FA5 /* SH4REApp.swift */,
				5939D35F29132D7000866FA5 /* ContentView.swift */,
				5939D38829132D8500866FA5 /* FirebaseDB.swift */,
				5939D36129132D7200866FA5 /* Assets.xcassets */,
				5939D36329132D7200866FA5 /* SH4RE.entitlements */,
				1E3D19D1297FB3E700251D39 /* Styles */,
				D120FAB22966530700CCD7A5 /* Login */,
				9D95674829380837003F6B74 /* Components */,
				9D08058E292FE9CD00094169 /* Account */,
				9D08058D292FE9B900094169 /* Search */,
				9D08058C292FE98000094169 /* Messages */,
				9D08058A292FE94100094169 /* Home */,
				9D08058B292FE96A00094169 /* CreateListing */,
				5939D36429132D7200866FA5 /* Preview Content */,
				9D080599292FF48200094169 /* ViewListing */,
				12AA3C2D2933038800F7F8E3 /* ListingViewModel.swift */,
				9D16B1EA29958786007F99D8 /* MainMessagesViewModel.swift */,
				12A7A36D296F6C1C000B18D4 /* UserViewModel.swift */,
				9D16B1EC2995886D007F99D8 /* ChatLogViewModel.swift */,
				12870D3529787414006CFA2B /* CurrentUser.swift */,
				9D250D1F298475FA009AA895 /* ChatMessageModel.swift */,
				1247410629821407009B2145 /* ReviewViewModel.swift */,
			);
			path = SH4RE;
			sourceTree = "<group>";
		};
		5939D36429132D7200866FA5 /* Preview Content */ = {
			isa = PBXGroup;
			children = (
				5939D36529132D7200866FA5 /* Preview Assets.xcassets */,
			);
			path = "Preview Content";
			sourceTree = "<group>";
		};
		5939D36E29132D7200866FA5 /* SH4RETests */ = {
			isa = PBXGroup;
			children = (
				5939D36F29132D7200866FA5 /* SH4RETests.swift */,
			);
			path = SH4RETests;
			sourceTree = "<group>";
		};
		5939D37829132D7200866FA5 /* SH4REUITests */ = {
			isa = PBXGroup;
			children = (
				5939D37929132D7200866FA5 /* SH4REUITests.swift */,
				5939D37B29132D7200866FA5 /* SH4REUITestsLaunchTests.swift */,
			);
			path = SH4REUITests;
			sourceTree = "<group>";
		};
		9D0518642998774900366A10 /* Calendar */ = {
			isa = PBXGroup;
			children = (
				9D05185B2998497300366A10 /* RKCell.swift */,
				9D05185D2998497400366A10 /* RKColorSettings.swift */,
				9D05185C2998497300366A10 /* RKDate.swift */,
				9D0518582998497300366A10 /* RKMonth.swift */,
				9D0518592998497300366A10 /* RKViewController.swift */,
				9D05185A2998497300366A10 /* RKWeekdayHeader.swift */,
				9D0518562998496200366A10 /* RKManager.swift */,
			);
			path = Calendar;
			sourceTree = "<group>";
		};
		9D08058A292FE94100094169 /* Home */ = {
			isa = PBXGroup;
			children = (
				D119C04129281DBA00E83142 /* HomeView.swift */,
				1EE1D5C529BFB1A500A59AC1 /* Categories.swift */,
			);
			path = Home;
			sourceTree = "<group>";
		};
		9D08058B292FE96A00094169 /* CreateListing */ = {
			isa = PBXGroup;
			children = (
				D119C03D29280D0600E83142 /* CreateListingView.swift */,
			);
			path = CreateListing;
			sourceTree = "<group>";
		};
		9D08058C292FE98000094169 /* Messages */ = {
			isa = PBXGroup;
			children = (
				9D16B1EE299588CA007F99D8 /* Components */,
				9D250D1B29847597009AA895 /* MessagesChat.swift */,
				9D250D1D298475B6009AA895 /* MessagesInboxView.swift */,
			);
			path = Messages;
			sourceTree = "<group>";
		};
		9D08058D292FE9B900094169 /* Search */ = {
			isa = PBXGroup;
			children = (
				1E29DDA72936B1F20089F703 /* Components */,
				9D080582292FE62200094169 /* SearchView.swift */,
				1EB9FCD92979CC3A00659C5C /* FilterSheetView.swift */,
				1E80DA7529BF8B7B0058F82A /* SearchModel.swift */,
			);
			path = Search;
			sourceTree = "<group>";
		};
		9D08058E292FE9CD00094169 /* Account */ = {
			isa = PBXGroup;
			children = (
				9D080593292FE9F400094169 /* AccountView.swift */,
				391AF85029C7B8A400FB1053 /* MyListingsView.swift */,
				391AF85229C7C16500FB1053 /* EditAccountView.swift */,
				391AF85429C7C1AA00FB1053 /* ReviewsView.swift */,
				391AF85629C7C1D500FB1053 /* FavouritesView.swift */,
				39ABA1BA29CB571500838275 /* ProfileView.swift */,
				1ED168DB29C5180C00287CE8 /* FavouritesModel.swift */,
			);
			path = Account;
			sourceTree = "<group>";
		};
		9D080599292FF48200094169 /* ViewListing */ = {
			isa = PBXGroup;
			children = (
				9D080595292FF43800094169 /* ViewListingView.swift */,
			);
			path = ViewListing;
			sourceTree = "<group>";
		};
		9D16B1EE299588CA007F99D8 /* Components */ = {
			isa = PBXGroup;
			children = (
				9D16B1EF299588E8007F99D8 /* MessageView.swift */,
				9D16B1F129958910007F99D8 /* Placeholder.swift */,
			);
			path = Components;
			sourceTree = "<group>";
		};
		9D95674829380837003F6B74 /* Components */ = {
			isa = PBXGroup;
			children = (
				9D0518642998774900366A10 /* Calendar */,
				D119C0472928313700E83142 /* ImagePicker.swift */,
				9D95674929380897003F6B74 /* ImageCarousel.swift */,
				9D95674C29381193003F6B74 /* Stars.swift */,
				9DB46C58296E56BB005F0216 /* DatePicker.swift */,
				9DB46C5A296E5E31005F0216 /* PopUp.swift */,
				1EB9FCDB2979D1AB00659C5C /* RatingPicker.swift */,
				1E7CB010297DF4B6008E4854 /* DropdownMenu.swift */,
				9D803C5D29D220390003A0E5 /* Review.swift */,
			);
			path = Components;
			sourceTree = "<group>";
		};
		D120FAB22966530700CCD7A5 /* Login */ = {
			isa = PBXGroup;
			children = (
				D120FAB32966533800CCD7A5 /* LandingView.swift */,
				D120FAB5296658A100CCD7A5 /* TutorialView.swift */,
				D120FAB7296675FA00CCD7A5 /* LoginControlView.swift */,
				D120FAB929668A7000CCD7A5 /* LoginView.swift */,
				D120FABB2967B4B000CCD7A5 /* CreateAccountView.swift */,
				D120FABD2968AD6F00CCD7A5 /* GuestView.swift */,
				9DD217FD29D91A2D002692B6 /* UnverifiedView.swift */,
			);
			path = Login;
			sourceTree = "<group>";
		};
/* End PBXGroup section */

/* Begin PBXNativeTarget section */
		1ECFE34229BFA4970036F19A /* SH4RE Stickers */ = {
			isa = PBXNativeTarget;
			buildConfigurationList = 1ECFE34E29BFA49A0036F19A /* Build configuration list for PBXNativeTarget "SH4RE Stickers" */;
			buildPhases = (
				1ECFE34129BFA4970036F19A /* Resources */,
			);
			buildRules = (
			);
			dependencies = (
			);
			name = "SH4RE Stickers";
			productName = "SH4RE Stickers";
			productReference = 1ECFE34329BFA4970036F19A /* SH4RE Stickers.appex */;
			productType = "com.apple.product-type.app-extension.messages-sticker-pack";
		};
		5939D35929132D7000866FA5 /* SH4RE */ = {
			isa = PBXNativeTarget;
			buildConfigurationList = 5939D37F29132D7200866FA5 /* Build configuration list for PBXNativeTarget "SH4RE" */;
			buildPhases = (
				5939D35629132D7000866FA5 /* Sources */,
				5939D35729132D7000866FA5 /* Frameworks */,
				5939D35829132D7000866FA5 /* Resources */,
				1ECFE34B29BFA49A0036F19A /* Embed Foundation Extensions */,
			);
			buildRules = (
			);
			dependencies = (
				1ECFE34929BFA49A0036F19A /* PBXTargetDependency */,
			);
			name = SH4RE;
			packageProductDependencies = (
				D120FAB02965428500CCD7A5 /* AlertX */,
				1226520F2970B55C006F5955 /* FirebaseAuth */,
				122652112970B55C006F5955 /* FirebaseAuthCombine-Community */,
				122652132970B55C006F5955 /* FirebaseFirestore */,
				122652152970B55C006F5955 /* FirebaseFirestoreCombine-Community */,
				122652172970B55C006F5955 /* FirebaseFirestoreSwift */,
				122652192970B55C006F5955 /* FirebaseStorage */,
				1226521B2970B55C006F5955 /* FirebaseStorageCombine-Community */,
				1288008629C958EC00EB34BE /* AlgoliaSearchClient */,
			);
			productName = SH4RE;
			productReference = 5939D35A29132D7000866FA5 /* SH4RE.app */;
			productType = "com.apple.product-type.application";
		};
		5939D36A29132D7200866FA5 /* SH4RETests */ = {
			isa = PBXNativeTarget;
			buildConfigurationList = 5939D38229132D7200866FA5 /* Build configuration list for PBXNativeTarget "SH4RETests" */;
			buildPhases = (
				5939D36729132D7200866FA5 /* Sources */,
				5939D36829132D7200866FA5 /* Frameworks */,
				5939D36929132D7200866FA5 /* Resources */,
			);
			buildRules = (
			);
			dependencies = (
				5939D36D29132D7200866FA5 /* PBXTargetDependency */,
			);
			name = SH4RETests;
			productName = SH4RETests;
			productReference = 5939D36B29132D7200866FA5 /* SH4RETests.xctest */;
			productType = "com.apple.product-type.bundle.unit-test";
		};
		5939D37429132D7200866FA5 /* SH4REUITests */ = {
			isa = PBXNativeTarget;
			buildConfigurationList = 5939D38529132D7200866FA5 /* Build configuration list for PBXNativeTarget "SH4REUITests" */;
			buildPhases = (
				5939D37129132D7200866FA5 /* Sources */,
				5939D37229132D7200866FA5 /* Frameworks */,
				5939D37329132D7200866FA5 /* Resources */,
			);
			buildRules = (
			);
			dependencies = (
				5939D37729132D7200866FA5 /* PBXTargetDependency */,
			);
			name = SH4REUITests;
			productName = SH4REUITests;
			productReference = 5939D37529132D7200866FA5 /* SH4REUITests.xctest */;
			productType = "com.apple.product-type.bundle.ui-testing";
		};
/* End PBXNativeTarget section */

/* Begin PBXProject section */
		5939D35229132D7000866FA5 /* Project object */ = {
			isa = PBXProject;
			attributes = {
				BuildIndependentTargetsInParallel = 1;
				LastSwiftUpdateCheck = 1410;
				LastUpgradeCheck = 1410;
				TargetAttributes = {
					1ECFE34229BFA4970036F19A = {
						CreatedOnToolsVersion = 14.1;
					};
					5939D35929132D7000866FA5 = {
						CreatedOnToolsVersion = 14.1;
					};
					5939D36A29132D7200866FA5 = {
						CreatedOnToolsVersion = 14.1;
						TestTargetID = 5939D35929132D7000866FA5;
					};
					5939D37429132D7200866FA5 = {
						CreatedOnToolsVersion = 14.1;
						TestTargetID = 5939D35929132D7000866FA5;
					};
				};
			};
			buildConfigurationList = 5939D35529132D7000866FA5 /* Build configuration list for PBXProject "SH4RE" */;
			compatibilityVersion = "Xcode 14.0";
			developmentRegion = en;
			hasScannedForEncodings = 0;
			knownRegions = (
				en,
				Base,
			);
			mainGroup = 5939D35129132D7000866FA5;
			packageReferences = (
				D120FAAF2965428500CCD7A5 /* XCRemoteSwiftPackageReference "AlertX" */,
				1226520E2970B55C006F5955 /* XCRemoteSwiftPackageReference "firebase-ios-sdk" */,
				1288008529C958EC00EB34BE /* XCRemoteSwiftPackageReference "algoliasearch-client-swift" */,
			);
			productRefGroup = 5939D35B29132D7000866FA5 /* Products */;
			projectDirPath = "";
			projectRoot = "";
			targets = (
				5939D35929132D7000866FA5 /* SH4RE */,
				5939D36A29132D7200866FA5 /* SH4RETests */,
				5939D37429132D7200866FA5 /* SH4REUITests */,
				1ECFE34229BFA4970036F19A /* SH4RE Stickers */,
			);
		};
/* End PBXProject section */

/* Begin PBXResourcesBuildPhase section */
		1ECFE34129BFA4970036F19A /* Resources */ = {
			isa = PBXResourcesBuildPhase;
			buildActionMask = 2147483647;
			files = (
				1ECFE35029BFA5E90036F19A /* Assets.xcassets in Resources */,
				1ECFE34629BFA49A0036F19A /* Stickers.xcassets in Resources */,
			);
			runOnlyForDeploymentPostprocessing = 0;
		};
		5939D35829132D7000866FA5 /* Resources */ = {
			isa = PBXResourcesBuildPhase;
			buildActionMask = 2147483647;
			files = (
				5939D36629132D7200866FA5 /* Preview Assets.xcassets in Resources */,
				1ECFE34F29BFA5C80036F19A /* Stickers.xcassets in Resources */,
				5939D36229132D7200866FA5 /* Assets.xcassets in Resources */,
				59BB153A29204E8D00EA4AF6 /* GoogleService-Info.plist in Resources */,
			);
			runOnlyForDeploymentPostprocessing = 0;
		};
		5939D36929132D7200866FA5 /* Resources */ = {
			isa = PBXResourcesBuildPhase;
			buildActionMask = 2147483647;
			files = (
			);
			runOnlyForDeploymentPostprocessing = 0;
		};
		5939D37329132D7200866FA5 /* Resources */ = {
			isa = PBXResourcesBuildPhase;
			buildActionMask = 2147483647;
			files = (
			);
			runOnlyForDeploymentPostprocessing = 0;
		};
/* End PBXResourcesBuildPhase section */

/* Begin PBXSourcesBuildPhase section */
		5939D35629132D7000866FA5 /* Sources */ = {
			isa = PBXSourcesBuildPhase;
			buildActionMask = 2147483647;
			files = (
				9DB46C5B296E5E31005F0216 /* PopUp.swift in Sources */,
				9D080583292FE62200094169 /* SearchView.swift in Sources */,
				391AF85729C7C1D500FB1053 /* FavouritesView.swift in Sources */,
				9DD217FE29D91A2D002692B6 /* UnverifiedView.swift in Sources */,
				5939D38929132D8500866FA5 /* FirebaseDB.swift in Sources */,
				9D05185F2998497400366A10 /* RKColorSettings.swift in Sources */,
				9D250D1C29847597009AA895 /* MessagesChat.swift in Sources */,
				9D95674B29380B70003F6B74 /* ListingViewModel.swift in Sources */,
				1EB9FCDC2979D1AB00659C5C /* RatingPicker.swift in Sources */,
				9D95674D29381193003F6B74 /* Stars.swift in Sources */,
				D120FABC2967B4B000CCD7A5 /* CreateAccountView.swift in Sources */,
				1247410729821407009B2145 /* ReviewViewModel.swift in Sources */,
				1E29DDA92936B22F0089F703 /* ProductCard.swift in Sources */,
				1EE1D5C629BFB1A500A59AC1 /* Categories.swift in Sources */,
				1E3D19D3297FB41100251D39 /* TextFieldStyles.swift in Sources */,
				1EB9FCDA2979CC3A00659C5C /* FilterSheetView.swift in Sources */,
				9DB46C59296E56BB005F0216 /* DatePicker.swift in Sources */,
				1E80DA7629BF8B7B0058F82A /* SearchModel.swift in Sources */,
				9D080594292FE9F400094169 /* AccountView.swift in Sources */,
				9D16B1ED2995886D007F99D8 /* ChatLogViewModel.swift in Sources */,
				5939D36029132D7000866FA5 /* ContentView.swift in Sources */,
				D119C04229281DBA00E83142 /* HomeView.swift in Sources */,
				9D0518612998497400366A10 /* RKDate.swift in Sources */,
				9D16B1EB29958786007F99D8 /* MainMessagesViewModel.swift in Sources */,
				9D16B1F229958910007F99D8 /* Placeholder.swift in Sources */,
				D120FAB42966533800CCD7A5 /* LandingView.swift in Sources */,
				391AF85329C7C16500FB1053 /* EditAccountView.swift in Sources */,
				9D250D1E298475B6009AA895 /* MessagesInboxView.swift in Sources */,
				5939D35E29132D7000866FA5 /* SH4REApp.swift in Sources */,
				391AF85529C7C1AA00FB1053 /* ReviewsView.swift in Sources */,
				39ABA1BB29CB571500838275 /* ProfileView.swift in Sources */,
				9D16B1F0299588E8007F99D8 /* MessageView.swift in Sources */,
				1E1208A82988388700604D68 /* CurrentLocationButton.swift in Sources */,
				D119C0482928313700E83142 /* ImagePicker.swift in Sources */,
				391AF85129C7B8A400FB1053 /* MyListingsView.swift in Sources */,
				9D0518622998497400366A10 /* RKViewController.swift in Sources */,
				D120FAB6296658A100CCD7A5 /* TutorialView.swift in Sources */,
				9D250D20298475FA009AA895 /* ChatMessageModel.swift in Sources */,
				D120FABA29668A7000CCD7A5 /* LoginView.swift in Sources */,
				5939D35E29132D7000866FA5 /* SH4REApp.swift in Sources */,
				D119C0482928313700E83142 /* ImagePicker.swift in Sources */,
				9D0518632998497400366A10 /* RKWeekdayHeader.swift in Sources */,
				9D05185E2998497400366A10 /* RKMonth.swift in Sources */,
				9D080596292FF43800094169 /* ViewListingView.swift in Sources */,
				1E7CB011297DF4B6008E4854 /* DropdownMenu.swift in Sources */,
				D119C03E29280D0600E83142 /* CreateListingView.swift in Sources */,
				9D0518572998496200366A10 /* RKManager.swift in Sources */,
				9D95674A29380897003F6B74 /* ImageCarousel.swift in Sources */,
				1E3D19D0297F93BC00251D39 /* ButtonStyles.swift in Sources */,
				D120FABE2968AD6F00CCD7A5 /* GuestView.swift in Sources */,
				D120FAB8296675FA00CCD7A5 /* LoginControlView.swift in Sources */,
				9D803C5E29D220390003A0E5 /* Review.swift in Sources */,
				1ED168DC29C5180C00287CE8 /* FavouritesModel.swift in Sources */,
				9D0518602998497400366A10 /* RKCell.swift in Sources */,
				12A7A36E296F6C1C000B18D4 /* UserViewModel.swift in Sources */,
				12870D3629787414006CFA2B /* CurrentUser.swift in Sources */,
			);
			runOnlyForDeploymentPostprocessing = 0;
		};
		5939D36729132D7200866FA5 /* Sources */ = {
			isa = PBXSourcesBuildPhase;
			buildActionMask = 2147483647;
			files = (
				5939D37029132D7200866FA5 /* SH4RETests.swift in Sources */,
			);
			runOnlyForDeploymentPostprocessing = 0;
		};
		5939D37129132D7200866FA5 /* Sources */ = {
			isa = PBXSourcesBuildPhase;
			buildActionMask = 2147483647;
			files = (
				5939D37A29132D7200866FA5 /* SH4REUITests.swift in Sources */,
				5939D37C29132D7200866FA5 /* SH4REUITestsLaunchTests.swift in Sources */,
			);
			runOnlyForDeploymentPostprocessing = 0;
		};
/* End PBXSourcesBuildPhase section */

/* Begin PBXTargetDependency section */
		1ECFE34929BFA49A0036F19A /* PBXTargetDependency */ = {
			isa = PBXTargetDependency;
			target = 1ECFE34229BFA4970036F19A /* SH4RE Stickers */;
			targetProxy = 1ECFE34829BFA49A0036F19A /* PBXContainerItemProxy */;
		};
		5939D36D29132D7200866FA5 /* PBXTargetDependency */ = {
			isa = PBXTargetDependency;
			target = 5939D35929132D7000866FA5 /* SH4RE */;
			targetProxy = 5939D36C29132D7200866FA5 /* PBXContainerItemProxy */;
		};
		5939D37729132D7200866FA5 /* PBXTargetDependency */ = {
			isa = PBXTargetDependency;
			target = 5939D35929132D7000866FA5 /* SH4RE */;
			targetProxy = 5939D37629132D7200866FA5 /* PBXContainerItemProxy */;
		};
/* End PBXTargetDependency section */

/* Begin XCBuildConfiguration section */
		1ECFE34C29BFA49A0036F19A /* Debug */ = {
			isa = XCBuildConfiguration;
			buildSettings = {
				ASSETCATALOG_COMPILER_APPICON_NAME = "iMessage App Icon";
				CODE_SIGN_STYLE = Automatic;
				CURRENT_PROJECT_VERSION = 1;
				DEVELOPMENT_TEAM = R5ATHRRBR9;
				GENERATE_INFOPLIST_FILE = YES;
				INFOPLIST_FILE = "SH4RE Stickers/Info.plist";
				INFOPLIST_KEY_CFBundleDisplayName = "SH4RE Stickers";
				INFOPLIST_KEY_UIUserInterfaceStyle = Light;
				IPHONEOS_DEPLOYMENT_TARGET = 16.1;
				MARKETING_VERSION = 1.0;
				PRODUCT_BUNDLE_IDENTIFIER = ece496.SH4RE.SH4REStickers;
				PRODUCT_NAME = "$(TARGET_NAME)";
				SDKROOT = iphoneos;
				SKIP_INSTALL = YES;
				SWIFT_EMIT_LOC_STRINGS = YES;
				TARGETED_DEVICE_FAMILY = "1,2";
			};
			name = Debug;
		};
		1ECFE34D29BFA49A0036F19A /* Release */ = {
			isa = XCBuildConfiguration;
			buildSettings = {
				ASSETCATALOG_COMPILER_APPICON_NAME = "iMessage App Icon";
				CODE_SIGN_STYLE = Automatic;
				CURRENT_PROJECT_VERSION = 1;
				DEVELOPMENT_TEAM = R5ATHRRBR9;
				GENERATE_INFOPLIST_FILE = YES;
				INFOPLIST_FILE = "SH4RE Stickers/Info.plist";
				INFOPLIST_KEY_CFBundleDisplayName = "SH4RE Stickers";
				INFOPLIST_KEY_UIUserInterfaceStyle = Light;
				IPHONEOS_DEPLOYMENT_TARGET = 16.1;
				MARKETING_VERSION = 1.0;
				PRODUCT_BUNDLE_IDENTIFIER = ece496.SH4RE.SH4REStickers;
				PRODUCT_NAME = "$(TARGET_NAME)";
				SDKROOT = iphoneos;
				SKIP_INSTALL = YES;
				SWIFT_EMIT_LOC_STRINGS = YES;
				TARGETED_DEVICE_FAMILY = "1,2";
				VALIDATE_PRODUCT = YES;
			};
			name = Release;
		};
		5939D37D29132D7200866FA5 /* Debug */ = {
			isa = XCBuildConfiguration;
			buildSettings = {
				ALWAYS_SEARCH_USER_PATHS = NO;
				CLANG_ANALYZER_NONNULL = YES;
				CLANG_ANALYZER_NUMBER_OBJECT_CONVERSION = YES_AGGRESSIVE;
				CLANG_CXX_LANGUAGE_STANDARD = "gnu++20";
				CLANG_ENABLE_MODULES = YES;
				CLANG_ENABLE_OBJC_ARC = YES;
				CLANG_ENABLE_OBJC_WEAK = YES;
				CLANG_WARN_BLOCK_CAPTURE_AUTORELEASING = YES;
				CLANG_WARN_BOOL_CONVERSION = YES;
				CLANG_WARN_COMMA = YES;
				CLANG_WARN_CONSTANT_CONVERSION = YES;
				CLANG_WARN_DEPRECATED_OBJC_IMPLEMENTATIONS = YES;
				CLANG_WARN_DIRECT_OBJC_ISA_USAGE = YES_ERROR;
				CLANG_WARN_DOCUMENTATION_COMMENTS = YES;
				CLANG_WARN_EMPTY_BODY = YES;
				CLANG_WARN_ENUM_CONVERSION = YES;
				CLANG_WARN_INFINITE_RECURSION = YES;
				CLANG_WARN_INT_CONVERSION = YES;
				CLANG_WARN_NON_LITERAL_NULL_CONVERSION = YES;
				CLANG_WARN_OBJC_IMPLICIT_RETAIN_SELF = YES;
				CLANG_WARN_OBJC_LITERAL_CONVERSION = YES;
				CLANG_WARN_OBJC_ROOT_CLASS = YES_ERROR;
				CLANG_WARN_QUOTED_INCLUDE_IN_FRAMEWORK_HEADER = YES;
				CLANG_WARN_RANGE_LOOP_ANALYSIS = YES;
				CLANG_WARN_STRICT_PROTOTYPES = YES;
				CLANG_WARN_SUSPICIOUS_MOVE = YES;
				CLANG_WARN_UNGUARDED_AVAILABILITY = YES_AGGRESSIVE;
				CLANG_WARN_UNREACHABLE_CODE = YES;
				CLANG_WARN__DUPLICATE_METHOD_MATCH = YES;
				COPY_PHASE_STRIP = NO;
				DEBUG_INFORMATION_FORMAT = dwarf;
				ENABLE_STRICT_OBJC_MSGSEND = YES;
				ENABLE_TESTABILITY = YES;
				GCC_C_LANGUAGE_STANDARD = gnu11;
				GCC_DYNAMIC_NO_PIC = NO;
				GCC_NO_COMMON_BLOCKS = YES;
				GCC_OPTIMIZATION_LEVEL = 0;
				GCC_PREPROCESSOR_DEFINITIONS = (
					"DEBUG=1",
					"$(inherited)",
				);
				GCC_WARN_64_TO_32_BIT_CONVERSION = YES;
				GCC_WARN_ABOUT_RETURN_TYPE = YES_ERROR;
				GCC_WARN_UNDECLARED_SELECTOR = YES;
				GCC_WARN_UNINITIALIZED_AUTOS = YES_AGGRESSIVE;
				GCC_WARN_UNUSED_FUNCTION = YES;
				GCC_WARN_UNUSED_VARIABLE = YES;
				INFOPLIST_KEY_UIUserInterfaceStyle = Light;
				MTL_ENABLE_DEBUG_INFO = INCLUDE_SOURCE;
				MTL_FAST_MATH = YES;
				ONLY_ACTIVE_ARCH = YES;
				SWIFT_ACTIVE_COMPILATION_CONDITIONS = DEBUG;
				SWIFT_OPTIMIZATION_LEVEL = "-Onone";
			};
			name = Debug;
		};
		5939D37E29132D7200866FA5 /* Release */ = {
			isa = XCBuildConfiguration;
			buildSettings = {
				ALWAYS_SEARCH_USER_PATHS = NO;
				CLANG_ANALYZER_NONNULL = YES;
				CLANG_ANALYZER_NUMBER_OBJECT_CONVERSION = YES_AGGRESSIVE;
				CLANG_CXX_LANGUAGE_STANDARD = "gnu++20";
				CLANG_ENABLE_MODULES = YES;
				CLANG_ENABLE_OBJC_ARC = YES;
				CLANG_ENABLE_OBJC_WEAK = YES;
				CLANG_WARN_BLOCK_CAPTURE_AUTORELEASING = YES;
				CLANG_WARN_BOOL_CONVERSION = YES;
				CLANG_WARN_COMMA = YES;
				CLANG_WARN_CONSTANT_CONVERSION = YES;
				CLANG_WARN_DEPRECATED_OBJC_IMPLEMENTATIONS = YES;
				CLANG_WARN_DIRECT_OBJC_ISA_USAGE = YES_ERROR;
				CLANG_WARN_DOCUMENTATION_COMMENTS = YES;
				CLANG_WARN_EMPTY_BODY = YES;
				CLANG_WARN_ENUM_CONVERSION = YES;
				CLANG_WARN_INFINITE_RECURSION = YES;
				CLANG_WARN_INT_CONVERSION = YES;
				CLANG_WARN_NON_LITERAL_NULL_CONVERSION = YES;
				CLANG_WARN_OBJC_IMPLICIT_RETAIN_SELF = YES;
				CLANG_WARN_OBJC_LITERAL_CONVERSION = YES;
				CLANG_WARN_OBJC_ROOT_CLASS = YES_ERROR;
				CLANG_WARN_QUOTED_INCLUDE_IN_FRAMEWORK_HEADER = YES;
				CLANG_WARN_RANGE_LOOP_ANALYSIS = YES;
				CLANG_WARN_STRICT_PROTOTYPES = YES;
				CLANG_WARN_SUSPICIOUS_MOVE = YES;
				CLANG_WARN_UNGUARDED_AVAILABILITY = YES_AGGRESSIVE;
				CLANG_WARN_UNREACHABLE_CODE = YES;
				CLANG_WARN__DUPLICATE_METHOD_MATCH = YES;
				COPY_PHASE_STRIP = NO;
				DEBUG_INFORMATION_FORMAT = "dwarf-with-dsym";
				ENABLE_NS_ASSERTIONS = NO;
				ENABLE_STRICT_OBJC_MSGSEND = YES;
				GCC_C_LANGUAGE_STANDARD = gnu11;
				GCC_NO_COMMON_BLOCKS = YES;
				GCC_WARN_64_TO_32_BIT_CONVERSION = YES;
				GCC_WARN_ABOUT_RETURN_TYPE = YES_ERROR;
				GCC_WARN_UNDECLARED_SELECTOR = YES;
				GCC_WARN_UNINITIALIZED_AUTOS = YES_AGGRESSIVE;
				GCC_WARN_UNUSED_FUNCTION = YES;
				GCC_WARN_UNUSED_VARIABLE = YES;
				INFOPLIST_KEY_UIUserInterfaceStyle = Light;
				MTL_ENABLE_DEBUG_INFO = NO;
				MTL_FAST_MATH = YES;
				SWIFT_COMPILATION_MODE = wholemodule;
				SWIFT_OPTIMIZATION_LEVEL = "-O";
			};
			name = Release;
		};
		5939D38029132D7200866FA5 /* Debug */ = {
			isa = XCBuildConfiguration;
			buildSettings = {
				ASSETCATALOG_COMPILER_APPICON_NAME = AppIcon;
				ASSETCATALOG_COMPILER_GLOBAL_ACCENT_COLOR_NAME = AccentColor;
				CODE_SIGN_ENTITLEMENTS = SH4RE/SH4RE.entitlements;
				CODE_SIGN_STYLE = Automatic;
				CURRENT_PROJECT_VERSION = 1;
				DEVELOPMENT_ASSET_PATHS = "\"SH4RE/Preview Content\"";
				DEVELOPMENT_TEAM = R5ATHRRBR9;
				ENABLE_PREVIEWS = YES;
				GENERATE_INFOPLIST_FILE = YES;
				"INFOPLIST_KEY_UIApplicationSceneManifest_Generation[sdk=iphoneos*]" = YES;
				"INFOPLIST_KEY_UIApplicationSceneManifest_Generation[sdk=iphonesimulator*]" = YES;
				"INFOPLIST_KEY_UIApplicationSupportsIndirectInputEvents[sdk=iphoneos*]" = YES;
				"INFOPLIST_KEY_UIApplicationSupportsIndirectInputEvents[sdk=iphonesimulator*]" = YES;
				"INFOPLIST_KEY_UILaunchScreen_Generation[sdk=iphoneos*]" = YES;
				"INFOPLIST_KEY_UILaunchScreen_Generation[sdk=iphonesimulator*]" = YES;
				"INFOPLIST_KEY_UIStatusBarStyle[sdk=iphoneos*]" = UIStatusBarStyleDefault;
				"INFOPLIST_KEY_UIStatusBarStyle[sdk=iphonesimulator*]" = UIStatusBarStyleDefault;
				INFOPLIST_KEY_UISupportedInterfaceOrientations = UIInterfaceOrientationPortrait;
				INFOPLIST_KEY_UIUserInterfaceStyle = Light;
				IPHONEOS_DEPLOYMENT_TARGET = 16.1;
				LD_RUNPATH_SEARCH_PATHS = "@executable_path/Frameworks";
				"LD_RUNPATH_SEARCH_PATHS[sdk=macosx*]" = "@executable_path/../Frameworks";
				MACOSX_DEPLOYMENT_TARGET = 12.6;
				MARKETING_VERSION = 1.0;
				PRODUCT_BUNDLE_IDENTIFIER = ece496.SH4RE;
				PRODUCT_NAME = "$(TARGET_NAME)";
				SDKROOT = auto;
				SUPPORTED_PLATFORMS = "iphoneos iphonesimulator macosx";
				SWIFT_EMIT_LOC_STRINGS = YES;
				SWIFT_VERSION = 5.0;
				TARGETED_DEVICE_FAMILY = "1,2";
			};
			name = Debug;
		};
		5939D38129132D7200866FA5 /* Release */ = {
			isa = XCBuildConfiguration;
			buildSettings = {
				ASSETCATALOG_COMPILER_APPICON_NAME = AppIcon;
				ASSETCATALOG_COMPILER_GLOBAL_ACCENT_COLOR_NAME = AccentColor;
				CODE_SIGN_ENTITLEMENTS = SH4RE/SH4RE.entitlements;
				CODE_SIGN_STYLE = Automatic;
				CURRENT_PROJECT_VERSION = 1;
				DEVELOPMENT_ASSET_PATHS = "\"SH4RE/Preview Content\"";
				DEVELOPMENT_TEAM = R5ATHRRBR9;
				ENABLE_PREVIEWS = YES;
				GENERATE_INFOPLIST_FILE = YES;
				"INFOPLIST_KEY_UIApplicationSceneManifest_Generation[sdk=iphoneos*]" = YES;
				"INFOPLIST_KEY_UIApplicationSceneManifest_Generation[sdk=iphonesimulator*]" = YES;
				"INFOPLIST_KEY_UIApplicationSupportsIndirectInputEvents[sdk=iphoneos*]" = YES;
				"INFOPLIST_KEY_UIApplicationSupportsIndirectInputEvents[sdk=iphonesimulator*]" = YES;
				"INFOPLIST_KEY_UILaunchScreen_Generation[sdk=iphoneos*]" = YES;
				"INFOPLIST_KEY_UILaunchScreen_Generation[sdk=iphonesimulator*]" = YES;
				"INFOPLIST_KEY_UIStatusBarStyle[sdk=iphoneos*]" = UIStatusBarStyleDefault;
				"INFOPLIST_KEY_UIStatusBarStyle[sdk=iphonesimulator*]" = UIStatusBarStyleDefault;
				INFOPLIST_KEY_UISupportedInterfaceOrientations = UIInterfaceOrientationPortrait;
				INFOPLIST_KEY_UIUserInterfaceStyle = Light;
				IPHONEOS_DEPLOYMENT_TARGET = 16.1;
				LD_RUNPATH_SEARCH_PATHS = "@executable_path/Frameworks";
				"LD_RUNPATH_SEARCH_PATHS[sdk=macosx*]" = "@executable_path/../Frameworks";
				MACOSX_DEPLOYMENT_TARGET = 12.6;
				MARKETING_VERSION = 1.0;
				PRODUCT_BUNDLE_IDENTIFIER = ece496.SH4RE;
				PRODUCT_NAME = "$(TARGET_NAME)";
				SDKROOT = auto;
				SUPPORTED_PLATFORMS = "iphoneos iphonesimulator macosx";
				SWIFT_EMIT_LOC_STRINGS = YES;
				SWIFT_VERSION = 5.0;
				TARGETED_DEVICE_FAMILY = "1,2";
			};
			name = Release;
		};
		5939D38329132D7200866FA5 /* Debug */ = {
			isa = XCBuildConfiguration;
			buildSettings = {
				ALWAYS_EMBED_SWIFT_STANDARD_LIBRARIES = YES;
				BUNDLE_LOADER = "$(TEST_HOST)";
				CODE_SIGN_STYLE = Automatic;
				CURRENT_PROJECT_VERSION = 1;
				GENERATE_INFOPLIST_FILE = YES;
				IPHONEOS_DEPLOYMENT_TARGET = 16.1;
				MACOSX_DEPLOYMENT_TARGET = 12.6;
				MARKETING_VERSION = 1.0;
				PRODUCT_BUNDLE_IDENTIFIER = ece496.SH4RETests;
				PRODUCT_NAME = "$(TARGET_NAME)";
				SDKROOT = auto;
				SUPPORTED_PLATFORMS = "iphoneos iphonesimulator macosx";
				SWIFT_EMIT_LOC_STRINGS = NO;
				SWIFT_VERSION = 5.0;
				TARGETED_DEVICE_FAMILY = "1,2";
				TEST_HOST = "$(BUILT_PRODUCTS_DIR)/SH4RE.app/$(BUNDLE_EXECUTABLE_FOLDER_PATH)/SH4RE";
			};
			name = Debug;
		};
		5939D38429132D7200866FA5 /* Release */ = {
			isa = XCBuildConfiguration;
			buildSettings = {
				ALWAYS_EMBED_SWIFT_STANDARD_LIBRARIES = YES;
				BUNDLE_LOADER = "$(TEST_HOST)";
				CODE_SIGN_STYLE = Automatic;
				CURRENT_PROJECT_VERSION = 1;
				GENERATE_INFOPLIST_FILE = YES;
				IPHONEOS_DEPLOYMENT_TARGET = 16.1;
				MACOSX_DEPLOYMENT_TARGET = 12.6;
				MARKETING_VERSION = 1.0;
				PRODUCT_BUNDLE_IDENTIFIER = ece496.SH4RETests;
				PRODUCT_NAME = "$(TARGET_NAME)";
				SDKROOT = auto;
				SUPPORTED_PLATFORMS = "iphoneos iphonesimulator macosx";
				SWIFT_EMIT_LOC_STRINGS = NO;
				SWIFT_VERSION = 5.0;
				TARGETED_DEVICE_FAMILY = "1,2";
				TEST_HOST = "$(BUILT_PRODUCTS_DIR)/SH4RE.app/$(BUNDLE_EXECUTABLE_FOLDER_PATH)/SH4RE";
			};
			name = Release;
		};
		5939D38629132D7200866FA5 /* Debug */ = {
			isa = XCBuildConfiguration;
			buildSettings = {
				ALWAYS_EMBED_SWIFT_STANDARD_LIBRARIES = YES;
				CODE_SIGN_STYLE = Automatic;
				CURRENT_PROJECT_VERSION = 1;
				GENERATE_INFOPLIST_FILE = YES;
				IPHONEOS_DEPLOYMENT_TARGET = 16.1;
				MACOSX_DEPLOYMENT_TARGET = 12.6;
				MARKETING_VERSION = 1.0;
				PRODUCT_BUNDLE_IDENTIFIER = ece496.SH4REUITests;
				PRODUCT_NAME = "$(TARGET_NAME)";
				SDKROOT = auto;
				SUPPORTED_PLATFORMS = "iphoneos iphonesimulator macosx";
				SWIFT_EMIT_LOC_STRINGS = NO;
				SWIFT_VERSION = 5.0;
				TARGETED_DEVICE_FAMILY = "1,2";
				TEST_TARGET_NAME = SH4RE;
			};
			name = Debug;
		};
		5939D38729132D7200866FA5 /* Release */ = {
			isa = XCBuildConfiguration;
			buildSettings = {
				ALWAYS_EMBED_SWIFT_STANDARD_LIBRARIES = YES;
				CODE_SIGN_STYLE = Automatic;
				CURRENT_PROJECT_VERSION = 1;
				GENERATE_INFOPLIST_FILE = YES;
				IPHONEOS_DEPLOYMENT_TARGET = 16.1;
				MACOSX_DEPLOYMENT_TARGET = 12.6;
				MARKETING_VERSION = 1.0;
				PRODUCT_BUNDLE_IDENTIFIER = ece496.SH4REUITests;
				PRODUCT_NAME = "$(TARGET_NAME)";
				SDKROOT = auto;
				SUPPORTED_PLATFORMS = "iphoneos iphonesimulator macosx";
				SWIFT_EMIT_LOC_STRINGS = NO;
				SWIFT_VERSION = 5.0;
				TARGETED_DEVICE_FAMILY = "1,2";
				TEST_TARGET_NAME = SH4RE;
			};
			name = Release;
		};
/* End XCBuildConfiguration section */

/* Begin XCConfigurationList section */
		1ECFE34E29BFA49A0036F19A /* Build configuration list for PBXNativeTarget "SH4RE Stickers" */ = {
			isa = XCConfigurationList;
			buildConfigurations = (
				1ECFE34C29BFA49A0036F19A /* Debug */,
				1ECFE34D29BFA49A0036F19A /* Release */,
			);
			defaultConfigurationIsVisible = 0;
			defaultConfigurationName = Release;
		};
		5939D35529132D7000866FA5 /* Build configuration list for PBXProject "SH4RE" */ = {
			isa = XCConfigurationList;
			buildConfigurations = (
				5939D37D29132D7200866FA5 /* Debug */,
				5939D37E29132D7200866FA5 /* Release */,
			);
			defaultConfigurationIsVisible = 0;
			defaultConfigurationName = Release;
		};
		5939D37F29132D7200866FA5 /* Build configuration list for PBXNativeTarget "SH4RE" */ = {
			isa = XCConfigurationList;
			buildConfigurations = (
				5939D38029132D7200866FA5 /* Debug */,
				5939D38129132D7200866FA5 /* Release */,
			);
			defaultConfigurationIsVisible = 0;
			defaultConfigurationName = Release;
		};
		5939D38229132D7200866FA5 /* Build configuration list for PBXNativeTarget "SH4RETests" */ = {
			isa = XCConfigurationList;
			buildConfigurations = (
				5939D38329132D7200866FA5 /* Debug */,
				5939D38429132D7200866FA5 /* Release */,
			);
			defaultConfigurationIsVisible = 0;
			defaultConfigurationName = Release;
		};
		5939D38529132D7200866FA5 /* Build configuration list for PBXNativeTarget "SH4REUITests" */ = {
			isa = XCConfigurationList;
			buildConfigurations = (
				5939D38629132D7200866FA5 /* Debug */,
				5939D38729132D7200866FA5 /* Release */,
			);
			defaultConfigurationIsVisible = 0;
			defaultConfigurationName = Release;
		};
/* End XCConfigurationList section */

/* Begin XCRemoteSwiftPackageReference section */
		1226520E2970B55C006F5955 /* XCRemoteSwiftPackageReference "firebase-ios-sdk" */ = {
			isa = XCRemoteSwiftPackageReference;
			repositoryURL = "https://github.com/firebase/firebase-ios-sdk";
			requirement = {
				branch = master;
				kind = branch;
			};
		};
		1288008529C958EC00EB34BE /* XCRemoteSwiftPackageReference "algoliasearch-client-swift" */ = {
			isa = XCRemoteSwiftPackageReference;
			repositoryURL = "https://github.com/algolia/algoliasearch-client-swift";
			requirement = {
				kind = upToNextMajorVersion;
				minimumVersion = 8.0.0;
			};
		};
		D120FAAF2965428500CCD7A5 /* XCRemoteSwiftPackageReference "AlertX" */ = {
			isa = XCRemoteSwiftPackageReference;
			repositoryURL = "https://github.com/neel-makhecha/AlertX.git";
			requirement = {
				kind = upToNextMinorVersion;
				minimumVersion = 1.2.0;
			};
		};
/* End XCRemoteSwiftPackageReference section */

/* Begin XCSwiftPackageProductDependency section */
		1226520F2970B55C006F5955 /* FirebaseAuth */ = {
			isa = XCSwiftPackageProductDependency;
			package = 1226520E2970B55C006F5955 /* XCRemoteSwiftPackageReference "firebase-ios-sdk" */;
			productName = FirebaseAuth;
		};
		122652112970B55C006F5955 /* FirebaseAuthCombine-Community */ = {
			isa = XCSwiftPackageProductDependency;
			package = 1226520E2970B55C006F5955 /* XCRemoteSwiftPackageReference "firebase-ios-sdk" */;
			productName = "FirebaseAuthCombine-Community";
		};
		122652132970B55C006F5955 /* FirebaseFirestore */ = {
			isa = XCSwiftPackageProductDependency;
			package = 1226520E2970B55C006F5955 /* XCRemoteSwiftPackageReference "firebase-ios-sdk" */;
			productName = FirebaseFirestore;
		};
		122652152970B55C006F5955 /* FirebaseFirestoreCombine-Community */ = {
			isa = XCSwiftPackageProductDependency;
			package = 1226520E2970B55C006F5955 /* XCRemoteSwiftPackageReference "firebase-ios-sdk" */;
			productName = "FirebaseFirestoreCombine-Community";
		};
		122652172970B55C006F5955 /* FirebaseFirestoreSwift */ = {
			isa = XCSwiftPackageProductDependency;
			package = 1226520E2970B55C006F5955 /* XCRemoteSwiftPackageReference "firebase-ios-sdk" */;
			productName = FirebaseFirestoreSwift;
		};
		122652192970B55C006F5955 /* FirebaseStorage */ = {
			isa = XCSwiftPackageProductDependency;
			package = 1226520E2970B55C006F5955 /* XCRemoteSwiftPackageReference "firebase-ios-sdk" */;
			productName = FirebaseStorage;
		};
		1226521B2970B55C006F5955 /* FirebaseStorageCombine-Community */ = {
			isa = XCSwiftPackageProductDependency;
			package = 1226520E2970B55C006F5955 /* XCRemoteSwiftPackageReference "firebase-ios-sdk" */;
			productName = "FirebaseStorageCombine-Community";
		};
		1288008629C958EC00EB34BE /* AlgoliaSearchClient */ = {
			isa = XCSwiftPackageProductDependency;
			package = 1288008529C958EC00EB34BE /* XCRemoteSwiftPackageReference "algoliasearch-client-swift" */;
			productName = AlgoliaSearchClient;
		};
		D120FAB02965428500CCD7A5 /* AlertX */ = {
			isa = XCSwiftPackageProductDependency;
			package = D120FAAF2965428500CCD7A5 /* XCRemoteSwiftPackageReference "AlertX" */;
			productName = AlertX;
		};
/* End XCSwiftPackageProductDependency section */
	};
	rootObject = 5939D35229132D7000866FA5 /* Project object */;
}
